{
  "version": 4,
  "terraform_version": "1.9.2",
  "serial": 484,
  "lineage": "7e847844-bfa4-c372-5147-f38d1938d4eb",
  "outputs": {
    "alb_metadata": {
      "value": {
        "load_balancer_arn": "arn:aws:elasticloadbalancing:eu-west-3:381491959817:loadbalancer/app/soo-alb/71faa3c1029e43e2",
        "load_balancer_domain_name": "soo-alb-1219205217.eu-west-3.elb.amazonaws.com",
        "load_balancer_meta": {
          "Environment": "staging",
          "Name": "soo-alb"
        },
        "load_balancer_metadata_s3": "soo-log-bucket"
      },
      "type": [
        "object",
        {
          "load_balancer_arn": "string",
          "load_balancer_domain_name": "string",
          "load_balancer_meta": [
            "map",
            "string"
          ],
          "load_balancer_metadata_s3": "string"
        }
      ]
    },
    "alb_sg_id": {
      "value": "sg-020a9e485a76cdd59",
      "type": "string"
    },
    "asg_metadata": {
      "value": {
        "asg_azs": [
          "eu-west-3a",
          "eu-west-3b"
        ],
        "asg_name": "staging_soo_asg",
        "asg_subnets": [
          "subnet-04d721f6da40d82f6",
          "subnet-054436ce46fbad13f"
        ],
        "desired_number_resource": 3,
        "where_health_check": "ELB"
      },
      "type": [
        "object",
        {
          "asg_azs": [
            "set",
            "string"
          ],
          "asg_name": "string",
          "asg_subnets": [
            "set",
            "string"
          ],
          "desired_number_resource": "number",
          "where_health_check": "string"
        }
      ]
    },
    "asg_template_spec": {
      "value": {
        "template_id": "lt-065486b015f35a53f",
        "template_meta": {}
      },
      "type": [
        "object",
        {
          "template_id": "string",
          "template_meta": [
            "map",
            "string"
          ]
        }
      ]
    },
    "current_env": {
      "value": "staging",
      "type": "string"
    },
    "current_vpc": {
      "value": "vpc-0e4aa766c1711a5c2",
      "type": "string"
    },
    "domain_automation_ec2": {
      "value": {
        "private_dns": "ip-172-16-33-26.eu-west-3.compute.internal",
        "private_ip": "172.16.33.26",
        "public_ip": "35.181.166.231"
      },
      "type": [
        "object",
        {
          "private_dns": "string",
          "private_ip": "string",
          "public_ip": "string"
        }
      ]
    },
    "domain_lamp_web_ec2": {
      "value": {
        "private_dns": "ip-172-16-33-125.eu-west-3.compute.internal",
        "private_ip": "172.16.33.125"
      },
      "type": [
        "object",
        {
          "private_dns": "string",
          "private_ip": "string"
        }
      ]
    },
    "eip1_az1": {
      "value": "15.237.154.202",
      "type": "string"
    },
    "eip2_az2": {
      "value": "13.39.175.228",
      "type": "string"
    },
    "private_az1_subnets": {
      "value": [
        "172.16.33.96/27",
        "172.16.33.192/27"
      ],
      "type": [
        "tuple",
        [
          "string",
          "string"
        ]
      ]
    },
    "private_az2_subnets": {
      "value": [
        "172.16.33.144/28",
        "172.16.33.224/28"
      ],
      "type": [
        "tuple",
        [
          "string",
          "string"
        ]
      ]
    },
    "public_subnets": {
      "value": [
        "172.16.33.0/27",
        "172.16.33.32/28"
      ],
      "type": [
        "tuple",
        [
          "string",
          "string"
        ]
      ]
    },
    "rds_endpoint": {
      "value": {
        "rds_endpoint": "rdsdynamicwebappstaging.c9sey26q2u9b.eu-west-3.rds.amazonaws.com:3306",
        "rds_identifier": "rdsdynamicwebappstaging"
      },
      "type": [
        "object",
        {
          "rds_endpoint": "string",
          "rds_identifier": "string"
        }
      ]
    },
    "rds_metadata": {
      "value": {
        "arn": "arn:aws:rds:eu-west-3:381491959817:db:rdsdynamicwebappstaging",
        "identifier": "rdsdynamicwebappstaging"
      },
      "type": [
        "object",
        {
          "arn": "string",
          "identifier": "string"
        }
      ]
    },
    "rds_sg_id": {
      "value": "sg-0113bf82af1e60955",
      "type": "string"
    },
    "ssh_sg_id": {
      "value": "sg-0f31adbce773e5276",
      "type": "string"
    },
    "target_group_arn": {
      "value": "arn:aws:elasticloadbalancing:eu-west-3:381491959817:targetgroup/alb-target-group/2c6809a0ef694a99",
      "type": "string"
    },
    "web_server_sg_id": {
      "value": "sg-0a729afe4f9021979",
      "type": "string"
    },
    "website_domain_name": {
      "value": "www.mydogtomsky.com",
      "type": "string"
    }
  },
  "resources": [
    {
      "mode": "data",
      "type": "aws_ami",
      "name": "instance_image_lamp",
      "provider": "provider[\"registry.terraform.io/hashicorp/aws\"]",
      "instances": [
        {
          "schema_version": 0,
          "attributes": {
            "architecture": "x86_64",
            "arn": "arn:aws:ec2:eu-west-3::image/ami-0cb0b94275d5b4aec",
            "block_device_mappings": [
              {
                "device_name": "/dev/xvda",
                "ebs": {
                  "delete_on_termination": "true",
                  "encrypted": "false",
                  "iops": "3000",
                  "snapshot_id": "snap-044d974df150ba19d",
                  "throughput": "125",
                  "volume_size": "8",
                  "volume_type": "gp3"
                },
                "no_device": "",
                "virtual_name": ""
              }
            ],
            "boot_mode": "uefi-preferred",
            "creation_date": "2024-09-13T23:57:29.000Z",
            "deprecation_time": "2024-12-12T23:57:00.000Z",
            "description": "Amazon Linux 2023 AMI 2023.5.20240916.0 x86_64 HVM kernel-6.1",
            "ena_support": true,
            "executable_users": null,
            "filter": [
              {
                "name": "name",
                "values": [
                  "al2023-ami-2023.5.20240916.0-kernel-6.1-x86_64"
                ]
              },
              {
                "name": "virtualization-type",
                "values": [
                  "hvm"
                ]
              }
            ],
            "hypervisor": "xen",
            "id": "ami-0cb0b94275d5b4aec",
            "image_id": "ami-0cb0b94275d5b4aec",
            "image_location": "amazon/al2023-ami-2023.5.20240916.0-kernel-6.1-x86_64",
            "image_owner_alias": "amazon",
            "image_type": "machine",
            "imds_support": "v2.0",
            "include_deprecated": false,
            "kernel_id": "",
            "most_recent": true,
            "name": "al2023-ami-2023.5.20240916.0-kernel-6.1-x86_64",
            "name_regex": null,
            "owner_id": "137112412989",
            "owners": [
              "137112412989"
            ],
            "platform": "",
            "platform_details": "Linux/UNIX",
            "product_codes": [],
            "public": true,
            "ramdisk_id": "",
            "root_device_name": "/dev/xvda",
            "root_device_type": "ebs",
            "root_snapshot_id": "snap-044d974df150ba19d",
            "sriov_net_support": "simple",
            "state": "available",
            "state_reason": {
              "code": "UNSET",
              "message": "UNSET"
            },
            "tags": {},
            "timeouts": null,
            "tpm_support": "",
            "usage_operation": "RunInstances",
            "virtualization_type": "hvm"
          },
          "sensitive_attributes": []
        }
      ]
    },
    {
      "mode": "data",
      "type": "aws_ami",
      "name": "instance_image_setup",
      "provider": "provider[\"registry.terraform.io/hashicorp/aws\"]",
      "instances": [
        {
          "schema_version": 0,
          "attributes": {
            "architecture": "x86_64",
            "arn": "arn:aws:ec2:eu-west-3::image/ami-045a8ab02aadf4f88",
            "block_device_mappings": [
              {
                "device_name": "/dev/sda1",
                "ebs": {
                  "delete_on_termination": "true",
                  "encrypted": "false",
                  "iops": "0",
                  "snapshot_id": "snap-0afd4d4575331fbc3",
                  "throughput": "0",
                  "volume_size": "8",
                  "volume_type": "gp3"
                },
                "no_device": "",
                "virtual_name": ""
              },
              {
                "device_name": "/dev/sdb",
                "ebs": {},
                "no_device": "",
                "virtual_name": "ephemeral0"
              },
              {
                "device_name": "/dev/sdc",
                "ebs": {},
                "no_device": "",
                "virtual_name": "ephemeral1"
              }
            ],
            "boot_mode": "uefi-preferred",
            "creation_date": "2024-09-30T12:22:49.000Z",
            "deprecation_time": "2026-09-30T12:22:49.000Z",
            "description": "Canonical, Ubuntu, 24.04, amd64 noble image",
            "ena_support": true,
            "executable_users": null,
            "filter": [
              {
                "name": "name",
                "values": [
                  "ubuntu/images/hvm-ssd-gp3/ubuntu-noble-24.04-amd64-server-*"
                ]
              },
              {
                "name": "virtualization-type",
                "values": [
                  "hvm"
                ]
              }
            ],
            "hypervisor": "xen",
            "id": "ami-045a8ab02aadf4f88",
            "image_id": "ami-045a8ab02aadf4f88",
            "image_location": "amazon/ubuntu/images/hvm-ssd-gp3/ubuntu-noble-24.04-amd64-server-20240927",
            "image_owner_alias": "amazon",
            "image_type": "machine",
            "imds_support": "v2.0",
            "include_deprecated": false,
            "kernel_id": "",
            "most_recent": true,
            "name": "ubuntu/images/hvm-ssd-gp3/ubuntu-noble-24.04-amd64-server-20240927",
            "name_regex": null,
            "owner_id": "099720109477",
            "owners": [
              "099720109477"
            ],
            "platform": "",
            "platform_details": "Linux/UNIX",
            "product_codes": [],
            "public": true,
            "ramdisk_id": "",
            "root_device_name": "/dev/sda1",
            "root_device_type": "ebs",
            "root_snapshot_id": "snap-0afd4d4575331fbc3",
            "sriov_net_support": "simple",
            "state": "available",
            "state_reason": {
              "code": "UNSET",
              "message": "UNSET"
            },
            "tags": {},
            "timeouts": null,
            "tpm_support": "",
            "usage_operation": "RunInstances",
            "virtualization_type": "hvm"
          },
          "sensitive_attributes": []
        }
      ]
    },
    {
      "mode": "data",
      "type": "aws_db_snapshot",
      "name": "snapshot_for_rds",
      "provider": "provider[\"registry.terraform.io/hashicorp/aws\"]",
      "instances": [
        {
          "schema_version": 0,
          "attributes": {
            "allocated_storage": 10,
            "availability_zone": "eu-west-3a",
            "db_instance_identifier": "rdsdynamicwebappstaging",
            "db_snapshot_arn": "arn:aws:rds:eu-west-3:381491959817:snapshot:octdbsnapshot",
            "db_snapshot_identifier": "octdbsnapshot",
            "encrypted": false,
            "engine": "mysql",
            "engine_version": "8.0.35",
            "id": "octdbsnapshot",
            "include_public": false,
            "include_shared": false,
            "iops": 0,
            "kms_key_id": "",
            "license_model": "general-public-license",
            "most_recent": true,
            "option_group_name": "default:mysql-8-0",
            "original_snapshot_create_time": "2024-10-03T16:06:41Z",
            "port": 3306,
            "snapshot_create_time": "2024-10-03T16:06:41Z",
            "snapshot_type": "manual",
            "source_db_snapshot_identifier": "",
            "source_region": "",
            "status": "available",
            "storage_type": "gp2",
            "tags": {},
            "vpc_id": "vpc-0e4aa766c1711a5c2"
          },
          "sensitive_attributes": []
        }
      ]
    },
    {
      "mode": "data",
      "type": "aws_elb_service_account",
      "name": "main",
      "provider": "provider[\"registry.terraform.io/hashicorp/aws\"]",
      "instances": [
        {
          "schema_version": 0,
          "attributes": {
            "arn": "arn:aws:iam::009996457667:root",
            "id": "009996457667",
            "region": null
          },
          "sensitive_attributes": []
        }
      ]
    },
    {
      "mode": "data",
      "type": "aws_iam_policy_document",
      "name": "policy_configuration",
      "provider": "provider[\"registry.terraform.io/hashicorp/aws\"]",
      "instances": [
        {
          "schema_version": 0,
          "attributes": {
            "id": "455731356",
            "json": "{\n  \"Version\": \"2012-10-17\",\n  \"Statement\": [\n    {\n      \"Effect\": \"Allow\",\n      \"Action\": \"s3:PutObject\",\n      \"Resource\": [\n        \"arn:aws:s3:::soo-log-bucket/*\",\n        \"arn:aws:s3:::soo-log-bucket\"\n      ],\n      \"Principal\": {\n        \"AWS\": \"arn:aws:iam::009996457667:root\"\n      }\n    }\n  ]\n}",
            "minified_json": "{\"Version\":\"2012-10-17\",\"Statement\":[{\"Effect\":\"Allow\",\"Action\":\"s3:PutObject\",\"Resource\":[\"arn:aws:s3:::soo-log-bucket/*\",\"arn:aws:s3:::soo-log-bucket\"],\"Principal\":{\"AWS\":\"arn:aws:iam::009996457667:root\"}}]}",
            "override_json": null,
            "override_policy_documents": null,
            "policy_id": null,
            "source_json": null,
            "source_policy_documents": null,
            "statement": [
              {
                "actions": [
                  "s3:PutObject"
                ],
                "condition": [],
                "effect": "Allow",
                "not_actions": [],
                "not_principals": [],
                "not_resources": [],
                "principals": [
                  {
                    "identifiers": [
                      "arn:aws:iam::009996457667:root"
                    ],
                    "type": "AWS"
                  }
                ],
                "resources": [
                  "arn:aws:s3:::soo-log-bucket",
                  "arn:aws:s3:::soo-log-bucket/*"
                ],
                "sid": ""
              }
            ],
            "version": "2012-10-17"
          },
          "sensitive_attributes": []
        }
      ]
    },
    {
      "mode": "data",
      "type": "aws_route53_zone",
      "name": "domain_name",
      "provider": "provider[\"registry.terraform.io/hashicorp/aws\"]",
      "instances": [
        {
          "schema_version": 0,
          "attributes": {
            "arn": "arn:aws:route53:::hostedzone/Z0138518CMECLG2AYCC2",
            "caller_reference": "RISWorkflow-RD:1c579379-065d-486b-abd6-3796cd764e43",
            "comment": "HostedZone created by Route53 Registrar",
            "id": "Z0138518CMECLG2AYCC2",
            "linked_service_description": null,
            "linked_service_principal": null,
            "name": "mydogtomsky.com",
            "name_servers": [
              "ns-1700.awsdns-20.co.uk",
              "ns-1302.awsdns-34.org",
              "ns-507.awsdns-63.com",
              "ns-954.awsdns-55.net"
            ],
            "primary_name_server": "ns-1700.awsdns-20.co.uk",
            "private_zone": false,
            "resource_record_set_count": 4,
            "tags": {},
            "vpc_id": null,
            "zone_id": "Z0138518CMECLG2AYCC2"
          },
          "sensitive_attributes": []
        }
      ]
    },
    {
      "mode": "managed",
      "type": "aws_autoscaling_attachment",
      "name": "asg_to_tg",
      "provider": "provider[\"registry.terraform.io/hashicorp/aws\"]",
      "instances": [
        {
          "schema_version": 0,
          "attributes": {
            "autoscaling_group_name": "staging_soo_asg",
            "elb": null,
            "id": "staging_soo_asg-20241003173444123500000002",
            "lb_target_group_arn": "arn:aws:elasticloadbalancing:eu-west-3:381491959817:targetgroup/alb-target-group/2c6809a0ef694a99"
          },
          "sensitive_attributes": [],
          "private": "bnVsbA==",
          "dependencies": [
            "aws_autoscaling_group.soo_asg",
            "aws_key_pair.soo_ssh_key",
            "aws_launch_template.ec2_template",
            "aws_lb_target_group.alb_target_group",
            "aws_security_group.web_server",
            "aws_subnet.subnet_private_web1",
            "aws_subnet.subnet_private_web2",
            "aws_vpc.soo_vpc"
          ]
        }
      ]
    },
    {
      "mode": "managed",
      "type": "aws_autoscaling_group",
      "name": "soo_asg",
      "provider": "provider[\"registry.terraform.io/hashicorp/aws\"]",
      "instances": [
        {
          "schema_version": 1,
          "attributes": {
            "arn": "arn:aws:autoscaling:eu-west-3:381491959817:autoScalingGroup:69b271f0-ca43-4c8c-b7c0-bb6ebf63e543:autoScalingGroupName/staging_soo_asg",
            "availability_zones": [
              "eu-west-3a",
              "eu-west-3b"
            ],
            "capacity_rebalance": false,
            "context": "",
            "default_cooldown": 300,
            "default_instance_warmup": 0,
            "desired_capacity": 3,
            "desired_capacity_type": "",
            "enabled_metrics": [],
            "force_delete": false,
            "force_delete_warm_pool": false,
            "health_check_grace_period": 300,
            "health_check_type": "ELB",
            "id": "staging_soo_asg",
            "ignore_failed_scaling_activities": false,
            "initial_lifecycle_hook": [],
            "instance_maintenance_policy": [],
            "instance_refresh": [],
            "launch_configuration": "",
            "launch_template": [
              {
                "id": "lt-065486b015f35a53f",
                "name": "staging_web_ec2_template",
                "version": "$Latest"
              }
            ],
            "load_balancers": [],
            "max_instance_lifetime": 0,
            "max_size": 4,
            "metrics_granularity": "1Minute",
            "min_elb_capacity": null,
            "min_size": 2,
            "mixed_instances_policy": [],
            "name": "staging_soo_asg",
            "name_prefix": "",
            "placement_group": "",
            "predicted_capacity": 0,
            "protect_from_scale_in": false,
            "service_linked_role_arn": "arn:aws:iam::381491959817:role/aws-service-role/autoscaling.amazonaws.com/AWSServiceRoleForAutoScaling",
            "suspended_processes": [],
            "tag": [
              {
                "key": "Environment",
                "propagate_at_launch": true,
                "value": "staging"
              },
              {
                "key": "Name",
                "propagate_at_launch": true,
                "value": "staging_soo_asg"
              }
            ],
            "target_group_arns": [
              "arn:aws:elasticloadbalancing:eu-west-3:381491959817:targetgroup/alb-target-group/2c6809a0ef694a99"
            ],
            "termination_policies": [],
            "timeouts": null,
            "traffic_source": [
              {
                "identifier": "arn:aws:elasticloadbalancing:eu-west-3:381491959817:targetgroup/alb-target-group/2c6809a0ef694a99",
                "type": "elbv2"
              }
            ],
            "vpc_zone_identifier": [
              "subnet-04d721f6da40d82f6",
              "subnet-054436ce46fbad13f"
            ],
            "wait_for_capacity_timeout": "10m",
            "wait_for_elb_capacity": null,
            "warm_pool": [],
            "warm_pool_size": 0
          },
          "sensitive_attributes": [],
          "private": "eyJlMmJmYjczMC1lY2FhLTExZTYtOGY4OC0zNDM2M2JjN2M0YzAiOnsiZGVsZXRlIjo2MDAwMDAwMDAwMDAsInVwZGF0ZSI6NjAwMDAwMDAwMDAwfSwic2NoZW1hX3ZlcnNpb24iOiIxIn0=",
          "dependencies": [
            "aws_key_pair.soo_ssh_key",
            "aws_launch_template.ec2_template",
            "aws_security_group.web_server",
            "aws_subnet.subnet_private_web1",
            "aws_subnet.subnet_private_web2",
            "aws_vpc.soo_vpc"
          ]
        }
      ]
    },
    {
      "mode": "managed",
      "type": "aws_db_instance",
      "name": "soo_rds_db",
      "provider": "provider[\"registry.terraform.io/hashicorp/aws\"]",
      "instances": [
        {
          "schema_version": 2,
          "attributes": {
            "address": "rdsdynamicwebappstaging.c9sey26q2u9b.eu-west-3.rds.amazonaws.com",
            "allocated_storage": 10,
            "allow_major_version_upgrade": null,
            "apply_immediately": false,
            "arn": "arn:aws:rds:eu-west-3:381491959817:db:rdsdynamicwebappstaging",
            "auto_minor_version_upgrade": true,
            "availability_zone": "eu-west-3a",
            "backup_retention_period": 0,
            "backup_target": "region",
            "backup_window": "09:21-09:51",
            "blue_green_update": [],
            "ca_cert_identifier": "rds-ca-rsa2048-g1",
            "character_set_name": "",
            "copy_tags_to_snapshot": false,
            "custom_iam_instance_profile": "",
            "customer_owned_ip_enabled": false,
            "db_name": "rdsdynamicwebappstaging",
            "db_subnet_group_name": "db_subnet_group",
            "dedicated_log_volume": false,
            "delete_automated_backups": true,
            "deletion_protection": false,
            "domain": "",
            "domain_auth_secret_arn": "",
            "domain_dns_ips": [],
            "domain_fqdn": "",
            "domain_iam_role_name": "",
            "domain_ou": "",
            "enabled_cloudwatch_logs_exports": [],
            "endpoint": "rdsdynamicwebappstaging.c9sey26q2u9b.eu-west-3.rds.amazonaws.com:3306",
            "engine": "mysql",
            "engine_version": "8.0",
            "engine_version_actual": "8.0.35",
            "final_snapshot_identifier": null,
            "hosted_zone_id": "ZMESEXB7ZGGQ3",
            "iam_database_authentication_enabled": false,
            "id": "db-6BQV7PTZH7KGPWUPAJRIJUAZSA",
            "identifier": "rdsdynamicwebappstaging",
            "identifier_prefix": "",
            "instance_class": "db.t3.micro",
            "iops": 0,
            "kms_key_id": "",
            "latest_restorable_time": "",
            "license_model": "general-public-license",
            "listener_endpoint": [],
            "maintenance_window": "wed:02:36-wed:03:06",
            "manage_master_user_password": null,
            "master_user_secret": [],
            "master_user_secret_kms_key_id": null,
            "max_allocated_storage": 0,
            "monitoring_interval": 0,
            "monitoring_role_arn": "",
            "multi_az": true,
            "nchar_character_set_name": "",
            "network_type": "IPV4",
            "option_group_name": "default:mysql-8-0",
            "parameter_group_name": "default.mysql8.0",
            "password": "september7006!",
            "performance_insights_enabled": false,
            "performance_insights_kms_key_id": "",
            "performance_insights_retention_period": 0,
            "port": 3306,
            "publicly_accessible": false,
            "replica_mode": "",
            "replicas": [],
            "replicate_source_db": "",
            "resource_id": "db-6BQV7PTZH7KGPWUPAJRIJUAZSA",
            "restore_to_point_in_time": [],
            "s3_import": [],
            "skip_final_snapshot": true,
            "snapshot_identifier": null,
            "status": "available",
            "storage_encrypted": false,
            "storage_throughput": 0,
            "storage_type": "gp2",
            "tags": {
              "Environment": "staging",
              "Name": "rdsdynamicwebappstaging"
            },
            "tags_all": {
              "Environment": "staging",
              "Name": "rdsdynamicwebappstaging"
            },
            "timeouts": null,
            "timezone": "",
            "username": "dbadmin2024",
            "vpc_security_group_ids": [
              "sg-0113bf82af1e60955"
            ]
          },
          "sensitive_attributes": [
            [
              {
                "type": "get_attr",
                "value": "password"
              }
            ]
          ],
          "private": "eyJlMmJmYjczMC1lY2FhLTExZTYtOGY4OC0zNDM2M2JjN2M0YzAiOnsiY3JlYXRlIjoyNDAwMDAwMDAwMDAwLCJkZWxldGUiOjM2MDAwMDAwMDAwMDAsInVwZGF0ZSI6NDgwMDAwMDAwMDAwMH0sInNjaGVtYV92ZXJzaW9uIjoiMiJ9",
          "dependencies": [
            "aws_db_subnet_group.db_subnet_group",
            "aws_security_group.rds_instance",
            "aws_subnet.subnet_private_db1",
            "aws_subnet.subnet_private_db2",
            "aws_vpc.soo_vpc"
          ]
        }
      ]
    },
    {
      "mode": "managed",
      "type": "aws_db_subnet_group",
      "name": "db_subnet_group",
      "provider": "provider[\"registry.terraform.io/hashicorp/aws\"]",
      "instances": [
        {
          "schema_version": 0,
          "attributes": {
            "arn": "arn:aws:rds:eu-west-3:381491959817:subgrp:db_subnet_group",
            "description": "Managed by Terraform",
            "id": "db_subnet_group",
            "name": "db_subnet_group",
            "name_prefix": "",
            "subnet_ids": [
              "subnet-00602c281aa8abbf2",
              "subnet-0c41537d2111d24a1"
            ],
            "supported_network_types": [
              "IPV4"
            ],
            "tags": {
              "Name": "db_subnet_group"
            },
            "tags_all": {
              "Name": "db_subnet_group"
            },
            "vpc_id": "vpc-0e4aa766c1711a5c2"
          },
          "sensitive_attributes": [],
          "private": "bnVsbA==",
          "dependencies": [
            "aws_subnet.subnet_private_db1",
            "aws_subnet.subnet_private_db2",
            "aws_vpc.soo_vpc"
          ]
        }
      ]
    },
    {
      "mode": "managed",
      "type": "aws_eip",
      "name": "eip_to_nat1",
      "provider": "provider[\"registry.terraform.io/hashicorp/aws\"]",
      "instances": [
        {
          "schema_version": 0,
          "attributes": {
            "address": null,
            "allocation_id": "eipalloc-0ef35ddd3893dabed",
            "arn": "arn:aws:ec2:eu-west-3:381491959817:elastic-ip/eipalloc-0ef35ddd3893dabed",
            "associate_with_private_ip": null,
            "association_id": "eipassoc-0a0e5d91d0dd7b650",
            "carrier_ip": "",
            "customer_owned_ip": "",
            "customer_owned_ipv4_pool": "",
            "domain": "vpc",
            "id": "eipalloc-0ef35ddd3893dabed",
            "instance": "",
            "network_border_group": "eu-west-3",
            "network_interface": "eni-09fa2a1d3b8af27f2",
            "private_dns": "ip-172-16-33-24.eu-west-3.compute.internal",
            "private_ip": "172.16.33.24",
            "ptr_record": "",
            "public_dns": "ec2-15-237-154-202.eu-west-3.compute.amazonaws.com",
            "public_ip": "15.237.154.202",
            "public_ipv4_pool": "amazon",
            "tags": {
              "Name": "eip_to_nat1"
            },
            "tags_all": {
              "Name": "eip_to_nat1"
            },
            "timeouts": null,
            "vpc": true
          },
          "sensitive_attributes": [],
          "private": "eyJlMmJmYjczMC1lY2FhLTExZTYtOGY4OC0zNDM2M2JjN2M0YzAiOnsiZGVsZXRlIjoxODAwMDAwMDAwMDAsInJlYWQiOjkwMDAwMDAwMDAwMCwidXBkYXRlIjozMDAwMDAwMDAwMDB9fQ=="
        }
      ]
    },
    {
      "mode": "managed",
      "type": "aws_eip",
      "name": "eip_to_nat2",
      "provider": "provider[\"registry.terraform.io/hashicorp/aws\"]",
      "instances": [
        {
          "schema_version": 0,
          "attributes": {
            "address": null,
            "allocation_id": "eipalloc-05e7d3bbcc9e2a272",
            "arn": "arn:aws:ec2:eu-west-3:381491959817:elastic-ip/eipalloc-05e7d3bbcc9e2a272",
            "associate_with_private_ip": null,
            "association_id": "eipassoc-077fb4c46e9ee08d9",
            "carrier_ip": "",
            "customer_owned_ip": "",
            "customer_owned_ipv4_pool": "",
            "domain": "vpc",
            "id": "eipalloc-05e7d3bbcc9e2a272",
            "instance": "",
            "network_border_group": "eu-west-3",
            "network_interface": "eni-0d4e325e13449291c",
            "private_dns": "ip-172-16-33-39.eu-west-3.compute.internal",
            "private_ip": "172.16.33.39",
            "ptr_record": "",
            "public_dns": "ec2-13-39-175-228.eu-west-3.compute.amazonaws.com",
            "public_ip": "13.39.175.228",
            "public_ipv4_pool": "amazon",
            "tags": {
              "Name": "eip_to_nat2"
            },
            "tags_all": {
              "Name": "eip_to_nat2"
            },
            "timeouts": null,
            "vpc": true
          },
          "sensitive_attributes": [],
          "private": "eyJlMmJmYjczMC1lY2FhLTExZTYtOGY4OC0zNDM2M2JjN2M0YzAiOnsiZGVsZXRlIjoxODAwMDAwMDAwMDAsInJlYWQiOjkwMDAwMDAwMDAwMCwidXBkYXRlIjozMDAwMDAwMDAwMDB9fQ=="
        }
      ]
    },
    {
      "mode": "managed",
      "type": "aws_instance",
      "name": "automation_ec2",
      "provider": "provider[\"registry.terraform.io/hashicorp/aws\"]",
      "instances": [
        {
          "schema_version": 1,
          "attributes": {
            "ami": "ami-045a8ab02aadf4f88",
            "arn": "arn:aws:ec2:eu-west-3:381491959817:instance/i-0430fb8ba72d774ac",
            "associate_public_ip_address": true,
            "availability_zone": "eu-west-3a",
            "capacity_reservation_specification": [
              {
                "capacity_reservation_preference": "open",
                "capacity_reservation_target": []
              }
            ],
            "cpu_core_count": 1,
            "cpu_options": [
              {
                "amd_sev_snp": "",
                "core_count": 1,
                "threads_per_core": 1
              }
            ],
            "cpu_threads_per_core": 1,
            "credit_specification": [
              {
                "cpu_credits": "standard"
              }
            ],
            "disable_api_stop": false,
            "disable_api_termination": false,
            "ebs_block_device": [],
            "ebs_optimized": false,
            "enclave_options": [
              {
                "enabled": false
              }
            ],
            "ephemeral_block_device": [],
            "get_password_data": false,
            "hibernation": false,
            "host_id": "",
            "host_resource_group_arn": null,
            "iam_instance_profile": "",
            "id": "i-0430fb8ba72d774ac",
            "instance_initiated_shutdown_behavior": "stop",
            "instance_lifecycle": "",
            "instance_market_options": [],
            "instance_state": "running",
            "instance_type": "t2.micro",
            "ipv6_address_count": 0,
            "ipv6_addresses": [],
            "key_name": "soo_ssh_key",
            "launch_template": [],
            "maintenance_options": [
              {
                "auto_recovery": "default"
              }
            ],
            "metadata_options": [
              {
                "http_endpoint": "enabled",
                "http_protocol_ipv6": "disabled",
                "http_put_response_hop_limit": 2,
                "http_tokens": "required",
                "instance_metadata_tags": "disabled"
              }
            ],
            "monitoring": false,
            "network_interface": [],
            "outpost_arn": "",
            "password_data": "",
            "placement_group": "",
            "placement_partition_number": 0,
            "primary_network_interface_id": "eni-0abc2a0e2be809d98",
            "private_dns": "ip-172-16-33-26.eu-west-3.compute.internal",
            "private_dns_name_options": [
              {
                "enable_resource_name_dns_a_record": false,
                "enable_resource_name_dns_aaaa_record": false,
                "hostname_type": "ip-name"
              }
            ],
            "private_ip": "172.16.33.26",
            "public_dns": "",
            "public_ip": "35.181.166.231",
            "root_block_device": [
              {
                "delete_on_termination": true,
                "device_name": "/dev/sda1",
                "encrypted": false,
                "iops": 3000,
                "kms_key_id": "",
                "tags": {},
                "tags_all": {},
                "throughput": 125,
                "volume_id": "vol-015e76dd058839ce9",
                "volume_size": 8,
                "volume_type": "gp3"
              }
            ],
            "secondary_private_ips": [],
            "security_groups": [],
            "source_dest_check": true,
            "spot_instance_request_id": "",
            "subnet_id": "subnet-0f7e364d7b2d2a391",
            "tags": {
              "Name": "automation_ec2"
            },
            "tags_all": {
              "Name": "automation_ec2"
            },
            "tenancy": "default",
            "timeouts": null,
            "user_data": null,
            "user_data_base64": null,
            "user_data_replace_on_change": false,
            "volume_tags": null,
            "vpc_security_group_ids": [
              "sg-0f31adbce773e5276"
            ]
          },
          "sensitive_attributes": [],
          "private": "eyJlMmJmYjczMC1lY2FhLTExZTYtOGY4OC0zNDM2M2JjN2M0YzAiOnsiY3JlYXRlIjo2MDAwMDAwMDAwMDAsImRlbGV0ZSI6MTIwMDAwMDAwMDAwMCwicmVhZCI6OTAwMDAwMDAwMDAwLCJ1cGRhdGUiOjYwMDAwMDAwMDAwMH0sInNjaGVtYV92ZXJzaW9uIjoiMSJ9",
          "dependencies": [
            "aws_key_pair.soo_ssh_key",
            "aws_security_group.bastion_ssh",
            "aws_subnet.subnet_public1",
            "aws_vpc.soo_vpc",
            "data.aws_ami.instance_image_setup"
          ]
        }
      ]
    },
    {
      "mode": "managed",
      "type": "aws_instance",
      "name": "lamp_web_ec2",
      "provider": "provider[\"registry.terraform.io/hashicorp/aws\"]",
      "instances": [
        {
          "schema_version": 1,
          "attributes": {
            "ami": "ami-0cb0b94275d5b4aec",
            "arn": "arn:aws:ec2:eu-west-3:381491959817:instance/i-0f8551ac9cc9d68b9",
            "associate_public_ip_address": false,
            "availability_zone": "eu-west-3a",
            "capacity_reservation_specification": [
              {
                "capacity_reservation_preference": "open",
                "capacity_reservation_target": []
              }
            ],
            "cpu_core_count": 1,
            "cpu_options": [
              {
                "amd_sev_snp": "",
                "core_count": 1,
                "threads_per_core": 1
              }
            ],
            "cpu_threads_per_core": 1,
            "credit_specification": [
              {
                "cpu_credits": "standard"
              }
            ],
            "disable_api_stop": false,
            "disable_api_termination": false,
            "ebs_block_device": [],
            "ebs_optimized": false,
            "enclave_options": [
              {
                "enabled": false
              }
            ],
            "ephemeral_block_device": [],
            "get_password_data": false,
            "hibernation": false,
            "host_id": "",
            "host_resource_group_arn": null,
            "iam_instance_profile": "",
            "id": "i-0f8551ac9cc9d68b9",
            "instance_initiated_shutdown_behavior": "stop",
            "instance_lifecycle": "",
            "instance_market_options": [],
            "instance_state": "running",
            "instance_type": "t2.micro",
            "ipv6_address_count": 0,
            "ipv6_addresses": [],
            "key_name": "soo_ssh_key",
            "launch_template": [],
            "maintenance_options": [
              {
                "auto_recovery": "default"
              }
            ],
            "metadata_options": [
              {
                "http_endpoint": "enabled",
                "http_protocol_ipv6": "disabled",
                "http_put_response_hop_limit": 2,
                "http_tokens": "required",
                "instance_metadata_tags": "disabled"
              }
            ],
            "monitoring": false,
            "network_interface": [],
            "outpost_arn": "",
            "password_data": "",
            "placement_group": "",
            "placement_partition_number": 0,
            "primary_network_interface_id": "eni-0954afb174b2c04c1",
            "private_dns": "ip-172-16-33-125.eu-west-3.compute.internal",
            "private_dns_name_options": [
              {
                "enable_resource_name_dns_a_record": false,
                "enable_resource_name_dns_aaaa_record": false,
                "hostname_type": "ip-name"
              }
            ],
            "private_ip": "172.16.33.125",
            "public_dns": "",
            "public_ip": "",
            "root_block_device": [
              {
                "delete_on_termination": true,
                "device_name": "/dev/xvda",
                "encrypted": false,
                "iops": 3000,
                "kms_key_id": "",
                "tags": {},
                "tags_all": {},
                "throughput": 125,
                "volume_id": "vol-04e749e12e80f7c38",
                "volume_size": 8,
                "volume_type": "gp3"
              }
            ],
            "secondary_private_ips": [],
            "security_groups": [],
            "source_dest_check": true,
            "spot_instance_request_id": "",
            "subnet_id": "subnet-04d721f6da40d82f6",
            "tags": {
              "Name": "lamp_web_ec2"
            },
            "tags_all": {
              "Name": "lamp_web_ec2"
            },
            "tenancy": "default",
            "timeouts": null,
            "user_data": null,
            "user_data_base64": null,
            "user_data_replace_on_change": false,
            "volume_tags": null,
            "vpc_security_group_ids": [
              "sg-0a729afe4f9021979"
            ]
          },
          "sensitive_attributes": [],
          "private": "eyJlMmJmYjczMC1lY2FhLTExZTYtOGY4OC0zNDM2M2JjN2M0YzAiOnsiY3JlYXRlIjo2MDAwMDAwMDAwMDAsImRlbGV0ZSI6MTIwMDAwMDAwMDAwMCwicmVhZCI6OTAwMDAwMDAwMDAwLCJ1cGRhdGUiOjYwMDAwMDAwMDAwMH0sInNjaGVtYV92ZXJzaW9uIjoiMSJ9",
          "dependencies": [
            "aws_key_pair.soo_ssh_key",
            "aws_security_group.web_server",
            "aws_subnet.subnet_private_web1",
            "aws_vpc.soo_vpc",
            "data.aws_ami.instance_image_lamp"
          ]
        }
      ]
    },
    {
      "mode": "managed",
      "type": "aws_internet_gateway",
      "name": "soo_igw",
      "provider": "provider[\"registry.terraform.io/hashicorp/aws\"]",
      "instances": [
        {
          "schema_version": 0,
          "attributes": {
            "arn": "arn:aws:ec2:eu-west-3:381491959817:internet-gateway/igw-049e5728d2b3adeed",
            "id": "igw-049e5728d2b3adeed",
            "owner_id": "381491959817",
            "tags": {
              "Name": "soo_igw"
            },
            "tags_all": {
              "Name": "soo_igw"
            },
            "timeouts": null,
            "vpc_id": "vpc-0e4aa766c1711a5c2"
          },
          "sensitive_attributes": [],
          "private": "eyJlMmJmYjczMC1lY2FhLTExZTYtOGY4OC0zNDM2M2JjN2M0YzAiOnsiY3JlYXRlIjoxMjAwMDAwMDAwMDAwLCJkZWxldGUiOjEyMDAwMDAwMDAwMDAsInVwZGF0ZSI6MTIwMDAwMDAwMDAwMH19",
          "dependencies": [
            "aws_vpc.soo_vpc"
          ]
        }
      ]
    },
    {
      "mode": "managed",
      "type": "aws_key_pair",
      "name": "soo_ssh_key",
      "provider": "provider[\"registry.terraform.io/hashicorp/aws\"]",
      "instances": [
        {
          "schema_version": 1,
          "attributes": {
            "arn": "arn:aws:ec2:eu-west-3:381491959817:key-pair/soo_ssh_key",
            "fingerprint": "b2:af:af:42:f2:79:12:1d:bf:24:f9:13:72:f3:13:7f",
            "id": "soo_ssh_key",
            "key_name": "soo_ssh_key",
            "key_name_prefix": "",
            "key_pair_id": "key-0bd6ea794da3f4c6e",
            "key_type": "rsa",
            "public_key": "ssh-rsa AAAAB3NzaC1yc2EAAAADAQABAAACAQCtdSYthYcQWKDl9T3hoF3jJkALMw35lrtwg1lNVEU2YikfGe/DinarzDaBDiQxEwq/kE5TofIX1d+wWSnZqmEYEk+pp0x0XwI0gQkPq0COTy1zWnuhnbReD5GhyOgQ8SPcdWiYUWsHqJxYOQ62/NHPgnAMiY1KVaF9kTEMPFw99qzL6iu7EhFg4bo5CX4Bt97t1TRTk+x9w/XEIKgE7H6bgTBwuzrXO+oz2TajTlCkPCM+LarALIkZHqHXx5Vw/PO8RR6Q/Noyr9aS/RvpZSNmYqJ37i17X5IYXHudpj8Aocmr7ksGUSujiWi0nMRnBml5DAqPB8aWFHV4kySS+NJsPwRWggGuP0qnCxr7bAHf5F55bxmnt4QlpaPGfiQ0V4zhgZoOHNYuCYWpb0EqYYGrwNuhn+g/FSszus4Ur9UcrZ5PpsM2uhDPIApSBCqoQCho7e/wX9tXSRW58EtAYoASjcfZmtMvJQV9yP7Ng+MwvjwcYgtYlpud4OkeOT3u29skVfvWTQiovbDmGGW+5NtSA/SfNerWqdxYE713lHxRgCWjihqv+r6E++ERNIAHbaMOBKpFA02T78y0dqRTj/hdrmC5LVOGhJ7IaDMZDxcgkjF6+H6LtJTHeyl5MUPdLcXdsf0VXNnspwPNXbEk5m4h6TniVhpQ2FxcHm2Viq0qAQ== mengu@CCOMPUTTAR",
            "tags": {},
            "tags_all": {}
          },
          "sensitive_attributes": [],
          "private": "eyJzY2hlbWFfdmVyc2lvbiI6IjEifQ=="
        }
      ]
    },
    {
      "mode": "managed",
      "type": "aws_launch_template",
      "name": "ec2_template",
      "provider": "provider[\"registry.terraform.io/hashicorp/aws\"]",
      "instances": [
        {
          "schema_version": 0,
          "attributes": {
            "arn": "arn:aws:ec2:eu-west-3:381491959817:launch-template/lt-065486b015f35a53f",
            "block_device_mappings": [],
            "capacity_reservation_specification": [],
            "cpu_options": [],
            "credit_specification": [],
            "default_version": 1,
            "description": "",
            "disable_api_stop": false,
            "disable_api_termination": false,
            "ebs_optimized": "",
            "elastic_gpu_specifications": [],
            "elastic_inference_accelerator": [],
            "enclave_options": [],
            "hibernation_options": [],
            "iam_instance_profile": [],
            "id": "lt-065486b015f35a53f",
            "image_id": "ami-0a1eb10fb207e9024",
            "instance_initiated_shutdown_behavior": "",
            "instance_market_options": [],
            "instance_requirements": [],
            "instance_type": "t2.micro",
            "kernel_id": "",
            "key_name": "soo_ssh_key",
            "latest_version": 2,
            "license_specification": [],
            "maintenance_options": [],
            "metadata_options": [],
            "monitoring": [
              {
                "enabled": true
              }
            ],
            "name": "staging_web_ec2_template",
            "name_prefix": "",
            "network_interfaces": [],
            "placement": [],
            "private_dns_name_options": [],
            "ram_disk_id": "",
            "security_group_names": [],
            "tag_specifications": [
              {
                "resource_type": "instance",
                "tags": {
                  "Environment": "staging",
                  "Name": "staging_web_ec2_template"
                }
              }
            ],
            "tags": {},
            "tags_all": {},
            "update_default_version": null,
            "user_data": "",
            "vpc_security_group_ids": [
              "sg-0a729afe4f9021979"
            ]
          },
          "sensitive_attributes": [],
          "private": "bnVsbA==",
          "dependencies": [
            "aws_key_pair.soo_ssh_key",
            "aws_security_group.web_server",
            "aws_vpc.soo_vpc"
          ]
        }
      ]
    },
    {
      "mode": "managed",
      "type": "aws_lb",
      "name": "alb",
      "provider": "provider[\"registry.terraform.io/hashicorp/aws\"]",
      "instances": [
        {
          "schema_version": 0,
          "attributes": {
            "access_logs": [
              {
                "bucket": "soo-log-bucket",
                "enabled": true,
                "prefix": "soo-alb-state"
              }
            ],
            "arn": "arn:aws:elasticloadbalancing:eu-west-3:381491959817:loadbalancer/app/soo-alb/71faa3c1029e43e2",
            "arn_suffix": "app/soo-alb/71faa3c1029e43e2",
            "client_keep_alive": 3600,
            "connection_logs": [
              {
                "bucket": "",
                "enabled": false,
                "prefix": ""
              }
            ],
            "customer_owned_ipv4_pool": "",
            "desync_mitigation_mode": "defensive",
            "dns_name": "soo-alb-1219205217.eu-west-3.elb.amazonaws.com",
            "dns_record_client_routing_policy": null,
            "drop_invalid_header_fields": false,
            "enable_cross_zone_load_balancing": true,
            "enable_deletion_protection": true,
            "enable_http2": true,
            "enable_tls_version_and_cipher_suite_headers": false,
            "enable_waf_fail_open": false,
            "enable_xff_client_port": false,
            "enforce_security_group_inbound_rules_on_private_link_traffic": "",
            "id": "arn:aws:elasticloadbalancing:eu-west-3:381491959817:loadbalancer/app/soo-alb/71faa3c1029e43e2",
            "idle_timeout": 60,
            "internal": false,
            "ip_address_type": "ipv4",
            "load_balancer_type": "application",
            "name": "soo-alb",
            "name_prefix": "",
            "preserve_host_header": false,
            "security_groups": [
              "sg-020a9e485a76cdd59"
            ],
            "subnet_mapping": [
              {
                "allocation_id": "",
                "ipv6_address": "",
                "outpost_id": "",
                "private_ipv4_address": "",
                "subnet_id": "subnet-0e86014e15e658299"
              },
              {
                "allocation_id": "",
                "ipv6_address": "",
                "outpost_id": "",
                "private_ipv4_address": "",
                "subnet_id": "subnet-0f7e364d7b2d2a391"
              }
            ],
            "subnets": [
              "subnet-0e86014e15e658299",
              "subnet-0f7e364d7b2d2a391"
            ],
            "tags": {
              "Environment": "staging",
              "Name": "soo-alb"
            },
            "tags_all": {
              "Environment": "staging",
              "Name": "soo-alb"
            },
            "timeouts": null,
            "vpc_id": "vpc-0e4aa766c1711a5c2",
            "xff_header_processing_mode": "append",
            "zone_id": "Z3Q77PNBQS71R4"
          },
          "sensitive_attributes": [],
          "private": "eyJlMmJmYjczMC1lY2FhLTExZTYtOGY4OC0zNDM2M2JjN2M0YzAiOnsiY3JlYXRlIjo2MDAwMDAwMDAwMDAsImRlbGV0ZSI6NjAwMDAwMDAwMDAwLCJ1cGRhdGUiOjYwMDAwMDAwMDAwMH19",
          "dependencies": [
            "aws_s3_bucket.log_bucket",
            "aws_security_group.load_balancer",
            "aws_subnet.subnet_public1",
            "aws_subnet.subnet_public2",
            "aws_vpc.soo_vpc"
          ]
        }
      ]
    },
    {
      "mode": "managed",
      "type": "aws_lb_listener",
      "name": "http_go_https",
      "provider": "provider[\"registry.terraform.io/hashicorp/aws\"]",
      "instances": [
        {
          "schema_version": 0,
          "attributes": {
            "alpn_policy": null,
            "arn": "arn:aws:elasticloadbalancing:eu-west-3:381491959817:listener/app/soo-alb/71faa3c1029e43e2/9244f96719746a44",
            "certificate_arn": null,
            "default_action": [
              {
                "authenticate_cognito": [],
                "authenticate_oidc": [],
                "fixed_response": [],
                "forward": [],
                "order": 1,
                "redirect": [
                  {
                    "host": "#{host}",
                    "path": "/#{path}",
                    "port": "443",
                    "protocol": "HTTPS",
                    "query": "#{query}",
                    "status_code": "HTTP_301"
                  }
                ],
                "target_group_arn": "",
                "type": "redirect"
              }
            ],
            "id": "arn:aws:elasticloadbalancing:eu-west-3:381491959817:listener/app/soo-alb/71faa3c1029e43e2/9244f96719746a44",
            "load_balancer_arn": "arn:aws:elasticloadbalancing:eu-west-3:381491959817:loadbalancer/app/soo-alb/71faa3c1029e43e2",
            "mutual_authentication": [],
            "port": 80,
            "protocol": "HTTP",
            "ssl_policy": "",
            "tags": {},
            "tags_all": {},
            "timeouts": null
          },
          "sensitive_attributes": [],
          "private": "eyJlMmJmYjczMC1lY2FhLTExZTYtOGY4OC0zNDM2M2JjN2M0YzAiOnsiY3JlYXRlIjozMDAwMDAwMDAwMDAsInVwZGF0ZSI6MzAwMDAwMDAwMDAwfX0=",
          "dependencies": [
            "aws_lb.alb",
            "aws_s3_bucket.log_bucket",
            "aws_security_group.load_balancer",
            "aws_subnet.subnet_public1",
            "aws_subnet.subnet_public2",
            "aws_vpc.soo_vpc"
          ]
        }
      ]
    },
    {
      "mode": "managed",
      "type": "aws_lb_listener",
      "name": "https_go_alb",
      "provider": "provider[\"registry.terraform.io/hashicorp/aws\"]",
      "instances": [
        {
          "schema_version": 0,
          "attributes": {
            "alpn_policy": null,
            "arn": "arn:aws:elasticloadbalancing:eu-west-3:381491959817:listener/app/soo-alb/71faa3c1029e43e2/33eed5b9326eb2ca",
            "certificate_arn": "arn:aws:acm:eu-west-3:381491959817:certificate/5e60387a-ae81-4e05-a253-bd8b8e8ef455",
            "default_action": [
              {
                "authenticate_cognito": [],
                "authenticate_oidc": [],
                "fixed_response": [],
                "forward": [],
                "order": 1,
                "redirect": [],
                "target_group_arn": "arn:aws:elasticloadbalancing:eu-west-3:381491959817:targetgroup/alb-target-group/2c6809a0ef694a99",
                "type": "forward"
              }
            ],
            "id": "arn:aws:elasticloadbalancing:eu-west-3:381491959817:listener/app/soo-alb/71faa3c1029e43e2/33eed5b9326eb2ca",
            "load_balancer_arn": "arn:aws:elasticloadbalancing:eu-west-3:381491959817:loadbalancer/app/soo-alb/71faa3c1029e43e2",
            "mutual_authentication": [
              {
                "ignore_client_certificate_expiry": false,
                "mode": "off",
                "trust_store_arn": ""
              }
            ],
            "port": 443,
            "protocol": "HTTPS",
            "ssl_policy": "ELBSecurityPolicy-2016-08",
            "tags": {},
            "tags_all": {},
            "timeouts": null
          },
          "sensitive_attributes": [],
          "private": "eyJlMmJmYjczMC1lY2FhLTExZTYtOGY4OC0zNDM2M2JjN2M0YzAiOnsiY3JlYXRlIjozMDAwMDAwMDAwMDAsInVwZGF0ZSI6MzAwMDAwMDAwMDAwfX0=",
          "dependencies": [
            "aws_lb.alb",
            "aws_lb_target_group.alb_target_group",
            "aws_s3_bucket.log_bucket",
            "aws_security_group.load_balancer",
            "aws_subnet.subnet_public1",
            "aws_subnet.subnet_public2",
            "aws_vpc.soo_vpc"
          ]
        }
      ]
    },
    {
      "mode": "managed",
      "type": "aws_lb_target_group",
      "name": "alb_target_group",
      "provider": "provider[\"registry.terraform.io/hashicorp/aws\"]",
      "instances": [
        {
          "schema_version": 0,
          "attributes": {
            "arn": "arn:aws:elasticloadbalancing:eu-west-3:381491959817:targetgroup/alb-target-group/2c6809a0ef694a99",
            "arn_suffix": "targetgroup/alb-target-group/2c6809a0ef694a99",
            "connection_termination": null,
            "deregistration_delay": "300",
            "health_check": [
              {
                "enabled": true,
                "healthy_threshold": 3,
                "interval": 30,
                "matcher": "200,301,302",
                "path": "/health",
                "port": "traffic-port",
                "protocol": "HTTP",
                "timeout": 5,
                "unhealthy_threshold": 2
              }
            ],
            "id": "arn:aws:elasticloadbalancing:eu-west-3:381491959817:targetgroup/alb-target-group/2c6809a0ef694a99",
            "ip_address_type": "ipv4",
            "lambda_multi_value_headers_enabled": false,
            "load_balancer_arns": [
              "arn:aws:elasticloadbalancing:eu-west-3:381491959817:loadbalancer/app/soo-alb/71faa3c1029e43e2"
            ],
            "load_balancing_algorithm_type": "round_robin",
            "load_balancing_anomaly_mitigation": "off",
            "load_balancing_cross_zone_enabled": "use_load_balancer_configuration",
            "name": "alb-target-group",
            "name_prefix": "",
            "port": 80,
            "preserve_client_ip": null,
            "protocol": "HTTP",
            "protocol_version": "HTTP1",
            "proxy_protocol_v2": false,
            "slow_start": 0,
            "stickiness": [
              {
                "cookie_duration": 86400,
                "cookie_name": "",
                "enabled": false,
                "type": "lb_cookie"
              }
            ],
            "tags": {},
            "tags_all": {},
            "target_failover": [
              {
                "on_deregistration": null,
                "on_unhealthy": null
              }
            ],
            "target_health_state": [
              {
                "enable_unhealthy_connection_termination": null
              }
            ],
            "target_type": "instance",
            "vpc_id": "vpc-0e4aa766c1711a5c2"
          },
          "sensitive_attributes": [],
          "private": "bnVsbA==",
          "dependencies": [
            "aws_vpc.soo_vpc"
          ]
        }
      ]
    },
    {
      "mode": "managed",
      "type": "aws_nat_gateway",
      "name": "soo_nat1",
      "provider": "provider[\"registry.terraform.io/hashicorp/aws\"]",
      "instances": [
        {
          "schema_version": 0,
          "attributes": {
            "allocation_id": "eipalloc-0ef35ddd3893dabed",
            "association_id": "eipassoc-0a0e5d91d0dd7b650",
            "connectivity_type": "public",
            "id": "nat-045d7bd5372a24247",
            "network_interface_id": "eni-09fa2a1d3b8af27f2",
            "private_ip": "172.16.33.24",
            "public_ip": "15.237.154.202",
            "secondary_allocation_ids": [],
            "secondary_private_ip_address_count": 0,
            "secondary_private_ip_addresses": [],
            "subnet_id": "subnet-0f7e364d7b2d2a391",
            "tags": {
              "Name": "soo_nat1"
            },
            "tags_all": {
              "Name": "soo_nat1"
            },
            "timeouts": null
          },
          "sensitive_attributes": [],
          "private": "eyJlMmJmYjczMC1lY2FhLTExZTYtOGY4OC0zNDM2M2JjN2M0YzAiOnsiY3JlYXRlIjo2MDAwMDAwMDAwMDAsImRlbGV0ZSI6MTgwMDAwMDAwMDAwMCwidXBkYXRlIjo2MDAwMDAwMDAwMDB9fQ==",
          "dependencies": [
            "aws_eip.eip_to_nat1",
            "aws_internet_gateway.soo_igw",
            "aws_subnet.subnet_public1",
            "aws_vpc.soo_vpc"
          ]
        }
      ]
    },
    {
      "mode": "managed",
      "type": "aws_nat_gateway",
      "name": "soo_nat2",
      "provider": "provider[\"registry.terraform.io/hashicorp/aws\"]",
      "instances": [
        {
          "schema_version": 0,
          "attributes": {
            "allocation_id": "eipalloc-05e7d3bbcc9e2a272",
            "association_id": "eipassoc-077fb4c46e9ee08d9",
            "connectivity_type": "public",
            "id": "nat-07c612a0541ce5c6c",
            "network_interface_id": "eni-0d4e325e13449291c",
            "private_ip": "172.16.33.39",
            "public_ip": "13.39.175.228",
            "secondary_allocation_ids": [],
            "secondary_private_ip_address_count": 0,
            "secondary_private_ip_addresses": [],
            "subnet_id": "subnet-0e86014e15e658299",
            "tags": {
              "Name": "soo_nat2"
            },
            "tags_all": {
              "Name": "soo_nat2"
            },
            "timeouts": null
          },
          "sensitive_attributes": [],
          "private": "eyJlMmJmYjczMC1lY2FhLTExZTYtOGY4OC0zNDM2M2JjN2M0YzAiOnsiY3JlYXRlIjo2MDAwMDAwMDAwMDAsImRlbGV0ZSI6MTgwMDAwMDAwMDAwMCwidXBkYXRlIjo2MDAwMDAwMDAwMDB9fQ==",
          "dependencies": [
            "aws_eip.eip_to_nat2",
            "aws_internet_gateway.soo_igw",
            "aws_subnet.subnet_public2",
            "aws_vpc.soo_vpc"
          ]
        }
      ]
    },
    {
      "mode": "managed",
      "type": "aws_route53_record",
      "name": "a_alias",
      "provider": "provider[\"registry.terraform.io/hashicorp/aws\"]",
      "instances": [
        {
          "schema_version": 2,
          "attributes": {
            "alias": [
              {
                "evaluate_target_health": true,
                "name": "soo-alb-1219205217.eu-west-3.elb.amazonaws.com",
                "zone_id": "Z3Q77PNBQS71R4"
              }
            ],
            "allow_overwrite": null,
            "cidr_routing_policy": [],
            "failover_routing_policy": [],
            "fqdn": "www.mydogtomsky.com",
            "geolocation_routing_policy": [],
            "geoproximity_routing_policy": [],
            "health_check_id": "",
            "id": "Z0138518CMECLG2AYCC2_www.mydogtomsky.com_A",
            "latency_routing_policy": [],
            "multivalue_answer_routing_policy": false,
            "name": "www.mydogtomsky.com",
            "records": [],
            "set_identifier": "",
            "ttl": 0,
            "type": "A",
            "weighted_routing_policy": [],
            "zone_id": "Z0138518CMECLG2AYCC2"
          },
          "sensitive_attributes": [],
          "private": "eyJzY2hlbWFfdmVyc2lvbiI6IjIifQ==",
          "dependencies": [
            "aws_lb.alb",
            "aws_s3_bucket.log_bucket",
            "aws_security_group.load_balancer",
            "aws_subnet.subnet_public1",
            "aws_subnet.subnet_public2",
            "aws_vpc.soo_vpc",
            "data.aws_route53_zone.domain_name"
          ]
        }
      ]
    },
    {
      "mode": "managed",
      "type": "aws_route_table",
      "name": "rt_private1",
      "provider": "provider[\"registry.terraform.io/hashicorp/aws\"]",
      "instances": [
        {
          "schema_version": 0,
          "attributes": {
            "arn": "arn:aws:ec2:eu-west-3:381491959817:route-table/rtb-0fdacfa1b1dfd940d",
            "id": "rtb-0fdacfa1b1dfd940d",
            "owner_id": "381491959817",
            "propagating_vgws": [],
            "route": [
              {
                "carrier_gateway_id": "",
                "cidr_block": "0.0.0.0/0",
                "core_network_arn": "",
                "destination_prefix_list_id": "",
                "egress_only_gateway_id": "",
                "gateway_id": "",
                "ipv6_cidr_block": "",
                "local_gateway_id": "",
                "nat_gateway_id": "nat-045d7bd5372a24247",
                "network_interface_id": "",
                "transit_gateway_id": "",
                "vpc_endpoint_id": "",
                "vpc_peering_connection_id": ""
              }
            ],
            "tags": {
              "Name": "rt_private1"
            },
            "tags_all": {
              "Name": "rt_private1"
            },
            "timeouts": null,
            "vpc_id": "vpc-0e4aa766c1711a5c2"
          },
          "sensitive_attributes": [],
          "private": "eyJlMmJmYjczMC1lY2FhLTExZTYtOGY4OC0zNDM2M2JjN2M0YzAiOnsiY3JlYXRlIjozMDAwMDAwMDAwMDAsImRlbGV0ZSI6MzAwMDAwMDAwMDAwLCJ1cGRhdGUiOjEyMDAwMDAwMDAwMH19",
          "dependencies": [
            "aws_eip.eip_to_nat1",
            "aws_internet_gateway.soo_igw",
            "aws_nat_gateway.soo_nat1",
            "aws_subnet.subnet_public1",
            "aws_vpc.soo_vpc"
          ]
        }
      ]
    },
    {
      "mode": "managed",
      "type": "aws_route_table",
      "name": "rt_private2",
      "provider": "provider[\"registry.terraform.io/hashicorp/aws\"]",
      "instances": [
        {
          "schema_version": 0,
          "attributes": {
            "arn": "arn:aws:ec2:eu-west-3:381491959817:route-table/rtb-07bfbfb3f3d4d599f",
            "id": "rtb-07bfbfb3f3d4d599f",
            "owner_id": "381491959817",
            "propagating_vgws": [],
            "route": [
              {
                "carrier_gateway_id": "",
                "cidr_block": "0.0.0.0/0",
                "core_network_arn": "",
                "destination_prefix_list_id": "",
                "egress_only_gateway_id": "",
                "gateway_id": "",
                "ipv6_cidr_block": "",
                "local_gateway_id": "",
                "nat_gateway_id": "nat-07c612a0541ce5c6c",
                "network_interface_id": "",
                "transit_gateway_id": "",
                "vpc_endpoint_id": "",
                "vpc_peering_connection_id": ""
              }
            ],
            "tags": {
              "Name": "rt_private2"
            },
            "tags_all": {
              "Name": "rt_private2"
            },
            "timeouts": null,
            "vpc_id": "vpc-0e4aa766c1711a5c2"
          },
          "sensitive_attributes": [],
          "private": "eyJlMmJmYjczMC1lY2FhLTExZTYtOGY4OC0zNDM2M2JjN2M0YzAiOnsiY3JlYXRlIjozMDAwMDAwMDAwMDAsImRlbGV0ZSI6MzAwMDAwMDAwMDAwLCJ1cGRhdGUiOjEyMDAwMDAwMDAwMH19",
          "dependencies": [
            "aws_eip.eip_to_nat2",
            "aws_internet_gateway.soo_igw",
            "aws_nat_gateway.soo_nat2",
            "aws_subnet.subnet_public2",
            "aws_vpc.soo_vpc"
          ]
        }
      ]
    },
    {
      "mode": "managed",
      "type": "aws_route_table",
      "name": "rt_public",
      "provider": "provider[\"registry.terraform.io/hashicorp/aws\"]",
      "instances": [
        {
          "schema_version": 0,
          "attributes": {
            "arn": "arn:aws:ec2:eu-west-3:381491959817:route-table/rtb-05dc6f666780f5af5",
            "id": "rtb-05dc6f666780f5af5",
            "owner_id": "381491959817",
            "propagating_vgws": [],
            "route": [
              {
                "carrier_gateway_id": "",
                "cidr_block": "0.0.0.0/0",
                "core_network_arn": "",
                "destination_prefix_list_id": "",
                "egress_only_gateway_id": "",
                "gateway_id": "igw-049e5728d2b3adeed",
                "ipv6_cidr_block": "",
                "local_gateway_id": "",
                "nat_gateway_id": "",
                "network_interface_id": "",
                "transit_gateway_id": "",
                "vpc_endpoint_id": "",
                "vpc_peering_connection_id": ""
              }
            ],
            "tags": {
              "Name": "rt_public"
            },
            "tags_all": {
              "Name": "rt_public"
            },
            "timeouts": null,
            "vpc_id": "vpc-0e4aa766c1711a5c2"
          },
          "sensitive_attributes": [],
          "private": "eyJlMmJmYjczMC1lY2FhLTExZTYtOGY4OC0zNDM2M2JjN2M0YzAiOnsiY3JlYXRlIjozMDAwMDAwMDAwMDAsImRlbGV0ZSI6MzAwMDAwMDAwMDAwLCJ1cGRhdGUiOjEyMDAwMDAwMDAwMH19",
          "dependencies": [
            "aws_internet_gateway.soo_igw",
            "aws_vpc.soo_vpc"
          ]
        }
      ]
    },
    {
      "mode": "managed",
      "type": "aws_route_table_association",
      "name": "rt_in_db1_subnet",
      "provider": "provider[\"registry.terraform.io/hashicorp/aws\"]",
      "instances": [
        {
          "schema_version": 0,
          "attributes": {
            "gateway_id": "",
            "id": "rtbassoc-0157b22bfdac550e5",
            "route_table_id": "rtb-0fdacfa1b1dfd940d",
            "subnet_id": "subnet-0c41537d2111d24a1",
            "timeouts": null
          },
          "sensitive_attributes": [],
          "private": "eyJlMmJmYjczMC1lY2FhLTExZTYtOGY4OC0zNDM2M2JjN2M0YzAiOnsiY3JlYXRlIjozMDAwMDAwMDAwMDAsImRlbGV0ZSI6MzAwMDAwMDAwMDAwLCJ1cGRhdGUiOjEyMDAwMDAwMDAwMH19",
          "dependencies": [
            "aws_eip.eip_to_nat1",
            "aws_internet_gateway.soo_igw",
            "aws_nat_gateway.soo_nat1",
            "aws_route_table.rt_private1",
            "aws_subnet.subnet_private_db1",
            "aws_subnet.subnet_public1",
            "aws_vpc.soo_vpc"
          ]
        }
      ]
    },
    {
      "mode": "managed",
      "type": "aws_route_table_association",
      "name": "rt_in_db2_subnet",
      "provider": "provider[\"registry.terraform.io/hashicorp/aws\"]",
      "instances": [
        {
          "schema_version": 0,
          "attributes": {
            "gateway_id": "",
            "id": "rtbassoc-0465b28524e5f2a3b",
            "route_table_id": "rtb-07bfbfb3f3d4d599f",
            "subnet_id": "subnet-00602c281aa8abbf2",
            "timeouts": null
          },
          "sensitive_attributes": [],
          "private": "eyJlMmJmYjczMC1lY2FhLTExZTYtOGY4OC0zNDM2M2JjN2M0YzAiOnsiY3JlYXRlIjozMDAwMDAwMDAwMDAsImRlbGV0ZSI6MzAwMDAwMDAwMDAwLCJ1cGRhdGUiOjEyMDAwMDAwMDAwMH19",
          "dependencies": [
            "aws_eip.eip_to_nat2",
            "aws_internet_gateway.soo_igw",
            "aws_nat_gateway.soo_nat2",
            "aws_route_table.rt_private2",
            "aws_subnet.subnet_private_db2",
            "aws_subnet.subnet_public2",
            "aws_vpc.soo_vpc"
          ]
        }
      ]
    },
    {
      "mode": "managed",
      "type": "aws_route_table_association",
      "name": "rt_in_subnet1",
      "provider": "provider[\"registry.terraform.io/hashicorp/aws\"]",
      "instances": [
        {
          "schema_version": 0,
          "attributes": {
            "gateway_id": "",
            "id": "rtbassoc-01e557399659c443a",
            "route_table_id": "rtb-05dc6f666780f5af5",
            "subnet_id": "subnet-0f7e364d7b2d2a391",
            "timeouts": null
          },
          "sensitive_attributes": [],
          "private": "eyJlMmJmYjczMC1lY2FhLTExZTYtOGY4OC0zNDM2M2JjN2M0YzAiOnsiY3JlYXRlIjozMDAwMDAwMDAwMDAsImRlbGV0ZSI6MzAwMDAwMDAwMDAwLCJ1cGRhdGUiOjEyMDAwMDAwMDAwMH19",
          "dependencies": [
            "aws_internet_gateway.soo_igw",
            "aws_route_table.rt_public",
            "aws_subnet.subnet_public1",
            "aws_vpc.soo_vpc"
          ]
        }
      ]
    },
    {
      "mode": "managed",
      "type": "aws_route_table_association",
      "name": "rt_in_subnet2",
      "provider": "provider[\"registry.terraform.io/hashicorp/aws\"]",
      "instances": [
        {
          "schema_version": 0,
          "attributes": {
            "gateway_id": "",
            "id": "rtbassoc-00ad457cd3e3995d8",
            "route_table_id": "rtb-05dc6f666780f5af5",
            "subnet_id": "subnet-0e86014e15e658299",
            "timeouts": null
          },
          "sensitive_attributes": [],
          "private": "eyJlMmJmYjczMC1lY2FhLTExZTYtOGY4OC0zNDM2M2JjN2M0YzAiOnsiY3JlYXRlIjozMDAwMDAwMDAwMDAsImRlbGV0ZSI6MzAwMDAwMDAwMDAwLCJ1cGRhdGUiOjEyMDAwMDAwMDAwMH19",
          "dependencies": [
            "aws_internet_gateway.soo_igw",
            "aws_route_table.rt_public",
            "aws_subnet.subnet_public2",
            "aws_vpc.soo_vpc"
          ]
        }
      ]
    },
    {
      "mode": "managed",
      "type": "aws_route_table_association",
      "name": "rt_in_web1_subnet",
      "provider": "provider[\"registry.terraform.io/hashicorp/aws\"]",
      "instances": [
        {
          "schema_version": 0,
          "attributes": {
            "gateway_id": "",
            "id": "rtbassoc-0c3354c3b3c6386e0",
            "route_table_id": "rtb-0fdacfa1b1dfd940d",
            "subnet_id": "subnet-04d721f6da40d82f6",
            "timeouts": null
          },
          "sensitive_attributes": [],
          "private": "eyJlMmJmYjczMC1lY2FhLTExZTYtOGY4OC0zNDM2M2JjN2M0YzAiOnsiY3JlYXRlIjozMDAwMDAwMDAwMDAsImRlbGV0ZSI6MzAwMDAwMDAwMDAwLCJ1cGRhdGUiOjEyMDAwMDAwMDAwMH19",
          "dependencies": [
            "aws_eip.eip_to_nat1",
            "aws_internet_gateway.soo_igw",
            "aws_nat_gateway.soo_nat1",
            "aws_route_table.rt_private1",
            "aws_subnet.subnet_private_web1",
            "aws_subnet.subnet_public1",
            "aws_vpc.soo_vpc"
          ]
        }
      ]
    },
    {
      "mode": "managed",
      "type": "aws_route_table_association",
      "name": "rt_in_web2_subnet",
      "provider": "provider[\"registry.terraform.io/hashicorp/aws\"]",
      "instances": [
        {
          "schema_version": 0,
          "attributes": {
            "gateway_id": "",
            "id": "rtbassoc-08f68f0b3065ae377",
            "route_table_id": "rtb-07bfbfb3f3d4d599f",
            "subnet_id": "subnet-054436ce46fbad13f",
            "timeouts": null
          },
          "sensitive_attributes": [],
          "private": "eyJlMmJmYjczMC1lY2FhLTExZTYtOGY4OC0zNDM2M2JjN2M0YzAiOnsiY3JlYXRlIjozMDAwMDAwMDAwMDAsImRlbGV0ZSI6MzAwMDAwMDAwMDAwLCJ1cGRhdGUiOjEyMDAwMDAwMDAwMH19",
          "dependencies": [
            "aws_eip.eip_to_nat2",
            "aws_internet_gateway.soo_igw",
            "aws_nat_gateway.soo_nat2",
            "aws_route_table.rt_private2",
            "aws_subnet.subnet_private_web2",
            "aws_subnet.subnet_public2",
            "aws_vpc.soo_vpc"
          ]
        }
      ]
    },
    {
      "mode": "managed",
      "type": "aws_s3_bucket",
      "name": "log_bucket",
      "provider": "provider[\"registry.terraform.io/hashicorp/aws\"]",
      "instances": [
        {
          "schema_version": 0,
          "attributes": {
            "acceleration_status": "",
            "acl": null,
            "arn": "arn:aws:s3:::soo-log-bucket",
            "bucket": "soo-log-bucket",
            "bucket_domain_name": "soo-log-bucket.s3.amazonaws.com",
            "bucket_prefix": "",
            "bucket_regional_domain_name": "soo-log-bucket.s3.eu-west-3.amazonaws.com",
            "cors_rule": [],
            "force_destroy": false,
            "grant": [
              {
                "id": "0e3c5ee4e77634bc1acf2e550613a67c2a16fe3d0ee75587232a7f259d94360a",
                "permissions": [
                  "FULL_CONTROL"
                ],
                "type": "CanonicalUser",
                "uri": ""
              }
            ],
            "hosted_zone_id": "Z3R1K369G5AVDG",
            "id": "soo-log-bucket",
            "lifecycle_rule": [],
            "logging": [],
            "object_lock_configuration": [],
            "object_lock_enabled": false,
            "policy": "{\"Statement\":[{\"Action\":\"s3:PutObject\",\"Effect\":\"Allow\",\"Principal\":{\"AWS\":\"arn:aws:iam::009996457667:root\"},\"Resource\":[\"arn:aws:s3:::soo-log-bucket/*\",\"arn:aws:s3:::soo-log-bucket\"]}],\"Version\":\"2012-10-17\"}",
            "region": "eu-west-3",
            "replication_configuration": [],
            "request_payer": "BucketOwner",
            "server_side_encryption_configuration": [
              {
                "rule": [
                  {
                    "apply_server_side_encryption_by_default": [
                      {
                        "kms_master_key_id": "",
                        "sse_algorithm": "AES256"
                      }
                    ],
                    "bucket_key_enabled": false
                  }
                ]
              }
            ],
            "tags": {
              "Environment": "staging",
              "Name": "soo-log-bucket"
            },
            "tags_all": {
              "Environment": "staging",
              "Name": "soo-log-bucket"
            },
            "timeouts": null,
            "versioning": [
              {
                "enabled": false,
                "mfa_delete": false
              }
            ],
            "website": [],
            "website_domain": null,
            "website_endpoint": null
          },
          "sensitive_attributes": [],
          "private": "eyJlMmJmYjczMC1lY2FhLTExZTYtOGY4OC0zNDM2M2JjN2M0YzAiOnsiY3JlYXRlIjoxMjAwMDAwMDAwMDAwLCJkZWxldGUiOjM2MDAwMDAwMDAwMDAsInJlYWQiOjEyMDAwMDAwMDAwMDAsInVwZGF0ZSI6MTIwMDAwMDAwMDAwMH19"
        }
      ]
    },
    {
      "mode": "managed",
      "type": "aws_s3_bucket_policy",
      "name": "log_bucket_policy",
      "provider": "provider[\"registry.terraform.io/hashicorp/aws\"]",
      "instances": [
        {
          "schema_version": 0,
          "attributes": {
            "bucket": "soo-log-bucket",
            "id": "soo-log-bucket",
            "policy": "{\"Statement\":[{\"Action\":\"s3:PutObject\",\"Effect\":\"Allow\",\"Principal\":{\"AWS\":\"arn:aws:iam::009996457667:root\"},\"Resource\":[\"arn:aws:s3:::soo-log-bucket/*\",\"arn:aws:s3:::soo-log-bucket\"]}],\"Version\":\"2012-10-17\"}"
          },
          "sensitive_attributes": [],
          "private": "bnVsbA==",
          "dependencies": [
            "aws_s3_bucket.log_bucket",
            "data.aws_elb_service_account.main",
            "data.aws_iam_policy_document.policy_configuration"
          ]
        }
      ]
    },
    {
      "mode": "managed",
      "type": "aws_security_group",
      "name": "bastion_ssh",
      "provider": "provider[\"registry.terraform.io/hashicorp/aws\"]",
      "instances": [
        {
          "schema_version": 1,
          "attributes": {
            "arn": "arn:aws:ec2:eu-west-3:381491959817:security-group/sg-0f31adbce773e5276",
            "description": "Allow SSH inbound traffic",
            "egress": [
              {
                "cidr_blocks": [
                  "0.0.0.0/0"
                ],
                "description": "",
                "from_port": 0,
                "ipv6_cidr_blocks": [],
                "prefix_list_ids": [],
                "protocol": "-1",
                "security_groups": [],
                "self": false,
                "to_port": 0
              }
            ],
            "id": "sg-0f31adbce773e5276",
            "ingress": [
              {
                "cidr_blocks": [
                  "0.0.0.0/0"
                ],
                "description": "",
                "from_port": 22,
                "ipv6_cidr_blocks": [],
                "prefix_list_ids": [],
                "protocol": "tcp",
                "security_groups": [],
                "self": false,
                "to_port": 22
              }
            ],
            "name": "soo_bastion_sg",
            "name_prefix": "",
            "owner_id": "381491959817",
            "revoke_rules_on_delete": false,
            "tags": {
              "Name": "soo_bastion_sg"
            },
            "tags_all": {
              "Name": "soo_bastion_sg"
            },
            "timeouts": null,
            "vpc_id": "vpc-0e4aa766c1711a5c2"
          },
          "sensitive_attributes": [],
          "private": "eyJlMmJmYjczMC1lY2FhLTExZTYtOGY4OC0zNDM2M2JjN2M0YzAiOnsiY3JlYXRlIjo2MDAwMDAwMDAwMDAsImRlbGV0ZSI6OTAwMDAwMDAwMDAwfSwic2NoZW1hX3ZlcnNpb24iOiIxIn0=",
          "dependencies": [
            "aws_vpc.soo_vpc"
          ]
        }
      ]
    },
    {
      "mode": "managed",
      "type": "aws_security_group",
      "name": "load_balancer",
      "provider": "provider[\"registry.terraform.io/hashicorp/aws\"]",
      "instances": [
        {
          "schema_version": 1,
          "attributes": {
            "arn": "arn:aws:ec2:eu-west-3:381491959817:security-group/sg-020a9e485a76cdd59",
            "description": "Allow Load Balancer[HTTP/HTTPS] inbound traffic",
            "egress": [
              {
                "cidr_blocks": [
                  "0.0.0.0/0"
                ],
                "description": "",
                "from_port": 0,
                "ipv6_cidr_blocks": [],
                "prefix_list_ids": [],
                "protocol": "-1",
                "security_groups": [],
                "self": false,
                "to_port": 0
              }
            ],
            "id": "sg-020a9e485a76cdd59",
            "ingress": [
              {
                "cidr_blocks": [
                  "0.0.0.0/0"
                ],
                "description": "",
                "from_port": 443,
                "ipv6_cidr_blocks": [],
                "prefix_list_ids": [],
                "protocol": "tcp",
                "security_groups": [],
                "self": false,
                "to_port": 443
              },
              {
                "cidr_blocks": [
                  "0.0.0.0/0"
                ],
                "description": "",
                "from_port": 80,
                "ipv6_cidr_blocks": [],
                "prefix_list_ids": [],
                "protocol": "tcp",
                "security_groups": [],
                "self": false,
                "to_port": 80
              }
            ],
            "name": "soo_alb_sg",
            "name_prefix": "",
            "owner_id": "381491959817",
            "revoke_rules_on_delete": false,
            "tags": {
              "Name": "soo_alb_sg"
            },
            "tags_all": {
              "Name": "soo_alb_sg"
            },
            "timeouts": null,
            "vpc_id": "vpc-0e4aa766c1711a5c2"
          },
          "sensitive_attributes": [],
          "private": "eyJlMmJmYjczMC1lY2FhLTExZTYtOGY4OC0zNDM2M2JjN2M0YzAiOnsiY3JlYXRlIjo2MDAwMDAwMDAwMDAsImRlbGV0ZSI6OTAwMDAwMDAwMDAwfSwic2NoZW1hX3ZlcnNpb24iOiIxIn0=",
          "dependencies": [
            "aws_vpc.soo_vpc"
          ]
        }
      ]
    },
    {
      "mode": "managed",
      "type": "aws_security_group",
      "name": "rds_instance",
      "provider": "provider[\"registry.terraform.io/hashicorp/aws\"]",
      "instances": [
        {
          "schema_version": 1,
          "attributes": {
            "arn": "arn:aws:ec2:eu-west-3:381491959817:security-group/sg-0113bf82af1e60955",
            "description": "Allow SSH/MySQL inbound traffic to the RDS",
            "egress": [
              {
                "cidr_blocks": [
                  "0.0.0.0/0"
                ],
                "description": "",
                "from_port": 0,
                "ipv6_cidr_blocks": [],
                "prefix_list_ids": [],
                "protocol": "-1",
                "security_groups": [],
                "self": false,
                "to_port": 0
              }
            ],
            "id": "sg-0113bf82af1e60955",
            "ingress": [
              {
                "cidr_blocks": [],
                "description": "",
                "from_port": 3306,
                "ipv6_cidr_blocks": [],
                "prefix_list_ids": [],
                "protocol": "tcp",
                "security_groups": [
                  "sg-0a729afe4f9021979",
                  "sg-0f31adbce773e5276"
                ],
                "self": false,
                "to_port": 3306
              }
            ],
            "name": "soo_rds_sg",
            "name_prefix": "",
            "owner_id": "381491959817",
            "revoke_rules_on_delete": false,
            "tags": {
              "Name": "soo_rds_sg"
            },
            "tags_all": {
              "Name": "soo_rds_sg"
            },
            "timeouts": null,
            "vpc_id": "vpc-0e4aa766c1711a5c2"
          },
          "sensitive_attributes": [],
          "private": "eyJlMmJmYjczMC1lY2FhLTExZTYtOGY4OC0zNDM2M2JjN2M0YzAiOnsiY3JlYXRlIjo2MDAwMDAwMDAwMDAsImRlbGV0ZSI6OTAwMDAwMDAwMDAwfSwic2NoZW1hX3ZlcnNpb24iOiIxIn0=",
          "dependencies": [
            "aws_vpc.soo_vpc"
          ]
        }
      ]
    },
    {
      "mode": "managed",
      "type": "aws_security_group",
      "name": "web_server",
      "provider": "provider[\"registry.terraform.io/hashicorp/aws\"]",
      "instances": [
        {
          "schema_version": 1,
          "attributes": {
            "arn": "arn:aws:ec2:eu-west-3:381491959817:security-group/sg-0a729afe4f9021979",
            "description": "Allow ALB/Bastion inbound traffic to WebServer",
            "egress": [
              {
                "cidr_blocks": [
                  "0.0.0.0/0"
                ],
                "description": "",
                "from_port": 0,
                "ipv6_cidr_blocks": [],
                "prefix_list_ids": [],
                "protocol": "-1",
                "security_groups": [],
                "self": false,
                "to_port": 0
              }
            ],
            "id": "sg-0a729afe4f9021979",
            "ingress": [
              {
                "cidr_blocks": [],
                "description": "",
                "from_port": 22,
                "ipv6_cidr_blocks": [],
                "prefix_list_ids": [],
                "protocol": "tcp",
                "security_groups": [
                  "sg-0f31adbce773e5276"
                ],
                "self": false,
                "to_port": 22
              },
              {
                "cidr_blocks": [],
                "description": "",
                "from_port": 443,
                "ipv6_cidr_blocks": [],
                "prefix_list_ids": [],
                "protocol": "tcp",
                "security_groups": [
                  "sg-020a9e485a76cdd59"
                ],
                "self": false,
                "to_port": 443
              },
              {
                "cidr_blocks": [],
                "description": "",
                "from_port": 80,
                "ipv6_cidr_blocks": [],
                "prefix_list_ids": [],
                "protocol": "tcp",
                "security_groups": [
                  "sg-020a9e485a76cdd59"
                ],
                "self": false,
                "to_port": 80
              }
            ],
            "name": "soo_web_server_sg",
            "name_prefix": "",
            "owner_id": "381491959817",
            "revoke_rules_on_delete": false,
            "tags": {
              "Name": "soo_web_server_sg"
            },
            "tags_all": {
              "Name": "soo_web_server_sg"
            },
            "timeouts": null,
            "vpc_id": "vpc-0e4aa766c1711a5c2"
          },
          "sensitive_attributes": [],
          "private": "eyJlMmJmYjczMC1lY2FhLTExZTYtOGY4OC0zNDM2M2JjN2M0YzAiOnsiY3JlYXRlIjo2MDAwMDAwMDAwMDAsImRlbGV0ZSI6OTAwMDAwMDAwMDAwfSwic2NoZW1hX3ZlcnNpb24iOiIxIn0=",
          "dependencies": [
            "aws_vpc.soo_vpc"
          ]
        }
      ]
    },
    {
      "mode": "managed",
      "type": "aws_subnet",
      "name": "subnet_private_db1",
      "provider": "provider[\"registry.terraform.io/hashicorp/aws\"]",
      "instances": [
        {
          "schema_version": 1,
          "attributes": {
            "arn": "arn:aws:ec2:eu-west-3:381491959817:subnet/subnet-0c41537d2111d24a1",
            "assign_ipv6_address_on_creation": false,
            "availability_zone": "eu-west-3a",
            "availability_zone_id": "euw3-az1",
            "cidr_block": "172.16.33.192/27",
            "customer_owned_ipv4_pool": "",
            "enable_dns64": false,
            "enable_lni_at_device_index": 0,
            "enable_resource_name_dns_a_record_on_launch": false,
            "enable_resource_name_dns_aaaa_record_on_launch": false,
            "id": "subnet-0c41537d2111d24a1",
            "ipv6_cidr_block": "",
            "ipv6_cidr_block_association_id": "",
            "ipv6_native": false,
            "map_customer_owned_ip_on_launch": false,
            "map_public_ip_on_launch": false,
            "outpost_arn": "",
            "owner_id": "381491959817",
            "private_dns_hostname_type_on_launch": "ip-name",
            "tags": {
              "Name": "subnet_private_db1"
            },
            "tags_all": {
              "Name": "subnet_private_db1"
            },
            "timeouts": null,
            "vpc_id": "vpc-0e4aa766c1711a5c2"
          },
          "sensitive_attributes": [],
          "private": "eyJlMmJmYjczMC1lY2FhLTExZTYtOGY4OC0zNDM2M2JjN2M0YzAiOnsiY3JlYXRlIjo2MDAwMDAwMDAwMDAsImRlbGV0ZSI6MTIwMDAwMDAwMDAwMH0sInNjaGVtYV92ZXJzaW9uIjoiMSJ9",
          "dependencies": [
            "aws_vpc.soo_vpc"
          ]
        }
      ]
    },
    {
      "mode": "managed",
      "type": "aws_subnet",
      "name": "subnet_private_db2",
      "provider": "provider[\"registry.terraform.io/hashicorp/aws\"]",
      "instances": [
        {
          "schema_version": 1,
          "attributes": {
            "arn": "arn:aws:ec2:eu-west-3:381491959817:subnet/subnet-00602c281aa8abbf2",
            "assign_ipv6_address_on_creation": false,
            "availability_zone": "eu-west-3b",
            "availability_zone_id": "euw3-az2",
            "cidr_block": "172.16.33.224/28",
            "customer_owned_ipv4_pool": "",
            "enable_dns64": false,
            "enable_lni_at_device_index": 0,
            "enable_resource_name_dns_a_record_on_launch": false,
            "enable_resource_name_dns_aaaa_record_on_launch": false,
            "id": "subnet-00602c281aa8abbf2",
            "ipv6_cidr_block": "",
            "ipv6_cidr_block_association_id": "",
            "ipv6_native": false,
            "map_customer_owned_ip_on_launch": false,
            "map_public_ip_on_launch": false,
            "outpost_arn": "",
            "owner_id": "381491959817",
            "private_dns_hostname_type_on_launch": "ip-name",
            "tags": {
              "Name": "subnet_private_db2"
            },
            "tags_all": {
              "Name": "subnet_private_db2"
            },
            "timeouts": null,
            "vpc_id": "vpc-0e4aa766c1711a5c2"
          },
          "sensitive_attributes": [],
          "private": "eyJlMmJmYjczMC1lY2FhLTExZTYtOGY4OC0zNDM2M2JjN2M0YzAiOnsiY3JlYXRlIjo2MDAwMDAwMDAwMDAsImRlbGV0ZSI6MTIwMDAwMDAwMDAwMH0sInNjaGVtYV92ZXJzaW9uIjoiMSJ9",
          "dependencies": [
            "aws_vpc.soo_vpc"
          ]
        }
      ]
    },
    {
      "mode": "managed",
      "type": "aws_subnet",
      "name": "subnet_private_web1",
      "provider": "provider[\"registry.terraform.io/hashicorp/aws\"]",
      "instances": [
        {
          "schema_version": 1,
          "attributes": {
            "arn": "arn:aws:ec2:eu-west-3:381491959817:subnet/subnet-04d721f6da40d82f6",
            "assign_ipv6_address_on_creation": false,
            "availability_zone": "eu-west-3a",
            "availability_zone_id": "euw3-az1",
            "cidr_block": "172.16.33.96/27",
            "customer_owned_ipv4_pool": "",
            "enable_dns64": false,
            "enable_lni_at_device_index": 0,
            "enable_resource_name_dns_a_record_on_launch": false,
            "enable_resource_name_dns_aaaa_record_on_launch": false,
            "id": "subnet-04d721f6da40d82f6",
            "ipv6_cidr_block": "",
            "ipv6_cidr_block_association_id": "",
            "ipv6_native": false,
            "map_customer_owned_ip_on_launch": false,
            "map_public_ip_on_launch": false,
            "outpost_arn": "",
            "owner_id": "381491959817",
            "private_dns_hostname_type_on_launch": "ip-name",
            "tags": {
              "Name": "subnet_private_web1"
            },
            "tags_all": {
              "Name": "subnet_private_web1"
            },
            "timeouts": null,
            "vpc_id": "vpc-0e4aa766c1711a5c2"
          },
          "sensitive_attributes": [],
          "private": "eyJlMmJmYjczMC1lY2FhLTExZTYtOGY4OC0zNDM2M2JjN2M0YzAiOnsiY3JlYXRlIjo2MDAwMDAwMDAwMDAsImRlbGV0ZSI6MTIwMDAwMDAwMDAwMH0sInNjaGVtYV92ZXJzaW9uIjoiMSJ9",
          "dependencies": [
            "aws_vpc.soo_vpc"
          ]
        }
      ]
    },
    {
      "mode": "managed",
      "type": "aws_subnet",
      "name": "subnet_private_web2",
      "provider": "provider[\"registry.terraform.io/hashicorp/aws\"]",
      "instances": [
        {
          "schema_version": 1,
          "attributes": {
            "arn": "arn:aws:ec2:eu-west-3:381491959817:subnet/subnet-054436ce46fbad13f",
            "assign_ipv6_address_on_creation": false,
            "availability_zone": "eu-west-3b",
            "availability_zone_id": "euw3-az2",
            "cidr_block": "172.16.33.144/28",
            "customer_owned_ipv4_pool": "",
            "enable_dns64": false,
            "enable_lni_at_device_index": 0,
            "enable_resource_name_dns_a_record_on_launch": false,
            "enable_resource_name_dns_aaaa_record_on_launch": false,
            "id": "subnet-054436ce46fbad13f",
            "ipv6_cidr_block": "",
            "ipv6_cidr_block_association_id": "",
            "ipv6_native": false,
            "map_customer_owned_ip_on_launch": false,
            "map_public_ip_on_launch": false,
            "outpost_arn": "",
            "owner_id": "381491959817",
            "private_dns_hostname_type_on_launch": "ip-name",
            "tags": {
              "Name": "subnet_private_web2"
            },
            "tags_all": {
              "Name": "subnet_private_web2"
            },
            "timeouts": null,
            "vpc_id": "vpc-0e4aa766c1711a5c2"
          },
          "sensitive_attributes": [],
          "private": "eyJlMmJmYjczMC1lY2FhLTExZTYtOGY4OC0zNDM2M2JjN2M0YzAiOnsiY3JlYXRlIjo2MDAwMDAwMDAwMDAsImRlbGV0ZSI6MTIwMDAwMDAwMDAwMH0sInNjaGVtYV92ZXJzaW9uIjoiMSJ9",
          "dependencies": [
            "aws_vpc.soo_vpc"
          ]
        }
      ]
    },
    {
      "mode": "managed",
      "type": "aws_subnet",
      "name": "subnet_public1",
      "provider": "provider[\"registry.terraform.io/hashicorp/aws\"]",
      "instances": [
        {
          "schema_version": 1,
          "attributes": {
            "arn": "arn:aws:ec2:eu-west-3:381491959817:subnet/subnet-0f7e364d7b2d2a391",
            "assign_ipv6_address_on_creation": false,
            "availability_zone": "eu-west-3a",
            "availability_zone_id": "euw3-az1",
            "cidr_block": "172.16.33.0/27",
            "customer_owned_ipv4_pool": "",
            "enable_dns64": false,
            "enable_lni_at_device_index": 0,
            "enable_resource_name_dns_a_record_on_launch": false,
            "enable_resource_name_dns_aaaa_record_on_launch": false,
            "id": "subnet-0f7e364d7b2d2a391",
            "ipv6_cidr_block": "",
            "ipv6_cidr_block_association_id": "",
            "ipv6_native": false,
            "map_customer_owned_ip_on_launch": false,
            "map_public_ip_on_launch": true,
            "outpost_arn": "",
            "owner_id": "381491959817",
            "private_dns_hostname_type_on_launch": "ip-name",
            "tags": {
              "Name": "subnet_public1"
            },
            "tags_all": {
              "Name": "subnet_public1"
            },
            "timeouts": null,
            "vpc_id": "vpc-0e4aa766c1711a5c2"
          },
          "sensitive_attributes": [],
          "private": "eyJlMmJmYjczMC1lY2FhLTExZTYtOGY4OC0zNDM2M2JjN2M0YzAiOnsiY3JlYXRlIjo2MDAwMDAwMDAwMDAsImRlbGV0ZSI6MTIwMDAwMDAwMDAwMH0sInNjaGVtYV92ZXJzaW9uIjoiMSJ9",
          "dependencies": [
            "aws_vpc.soo_vpc"
          ]
        }
      ]
    },
    {
      "mode": "managed",
      "type": "aws_subnet",
      "name": "subnet_public2",
      "provider": "provider[\"registry.terraform.io/hashicorp/aws\"]",
      "instances": [
        {
          "schema_version": 1,
          "attributes": {
            "arn": "arn:aws:ec2:eu-west-3:381491959817:subnet/subnet-0e86014e15e658299",
            "assign_ipv6_address_on_creation": false,
            "availability_zone": "eu-west-3b",
            "availability_zone_id": "euw3-az2",
            "cidr_block": "172.16.33.32/28",
            "customer_owned_ipv4_pool": "",
            "enable_dns64": false,
            "enable_lni_at_device_index": 0,
            "enable_resource_name_dns_a_record_on_launch": false,
            "enable_resource_name_dns_aaaa_record_on_launch": false,
            "id": "subnet-0e86014e15e658299",
            "ipv6_cidr_block": "",
            "ipv6_cidr_block_association_id": "",
            "ipv6_native": false,
            "map_customer_owned_ip_on_launch": false,
            "map_public_ip_on_launch": true,
            "outpost_arn": "",
            "owner_id": "381491959817",
            "private_dns_hostname_type_on_launch": "ip-name",
            "tags": {
              "Name": "subnet_public2"
            },
            "tags_all": {
              "Name": "subnet_public2"
            },
            "timeouts": null,
            "vpc_id": "vpc-0e4aa766c1711a5c2"
          },
          "sensitive_attributes": [],
          "private": "eyJlMmJmYjczMC1lY2FhLTExZTYtOGY4OC0zNDM2M2JjN2M0YzAiOnsiY3JlYXRlIjo2MDAwMDAwMDAwMDAsImRlbGV0ZSI6MTIwMDAwMDAwMDAwMH0sInNjaGVtYV92ZXJzaW9uIjoiMSJ9",
          "dependencies": [
            "aws_vpc.soo_vpc"
          ]
        }
      ]
    },
    {
      "mode": "managed",
      "type": "aws_vpc",
      "name": "soo_vpc",
      "provider": "provider[\"registry.terraform.io/hashicorp/aws\"]",
      "instances": [
        {
          "schema_version": 1,
          "attributes": {
            "arn": "arn:aws:ec2:eu-west-3:381491959817:vpc/vpc-0e4aa766c1711a5c2",
            "assign_generated_ipv6_cidr_block": false,
            "cidr_block": "172.16.33.0/24",
            "default_network_acl_id": "acl-0148ecac82557cafe",
            "default_route_table_id": "rtb-0d0466e253d63978b",
            "default_security_group_id": "sg-0b529b3345189c214",
            "dhcp_options_id": "dopt-08d28a40b5a71a903",
            "enable_dns_hostnames": false,
            "enable_dns_support": true,
            "enable_network_address_usage_metrics": false,
            "id": "vpc-0e4aa766c1711a5c2",
            "instance_tenancy": "default",
            "ipv4_ipam_pool_id": null,
            "ipv4_netmask_length": null,
            "ipv6_association_id": "",
            "ipv6_cidr_block": "",
            "ipv6_cidr_block_network_border_group": "",
            "ipv6_ipam_pool_id": "",
            "ipv6_netmask_length": 0,
            "main_route_table_id": "rtb-0d0466e253d63978b",
            "owner_id": "381491959817",
            "tags": {
              "Name": "soo_vpc"
            },
            "tags_all": {
              "Name": "soo_vpc"
            }
          },
          "sensitive_attributes": [],
          "private": "eyJzY2hlbWFfdmVyc2lvbiI6IjEifQ=="
        }
      ]
    },
    {
      "mode": "managed",
      "type": "aws_vpc_security_group_egress_rule",
      "name": "alb_outbound",
      "provider": "provider[\"registry.terraform.io/hashicorp/aws\"]",
      "instances": [
        {
          "schema_version": 0,
          "attributes": {
            "arn": "arn:aws:ec2:eu-west-3:381491959817:security-group-rule/sgr-0eb84a40d13ad0732",
            "cidr_ipv4": "0.0.0.0/0",
            "cidr_ipv6": null,
            "description": null,
            "from_port": null,
            "id": "sgr-0eb84a40d13ad0732",
            "ip_protocol": "-1",
            "prefix_list_id": null,
            "referenced_security_group_id": null,
            "security_group_id": "sg-020a9e485a76cdd59",
            "security_group_rule_id": "sgr-0eb84a40d13ad0732",
            "tags": null,
            "tags_all": {},
            "to_port": null
          },
          "sensitive_attributes": [],
          "dependencies": [
            "aws_security_group.load_balancer",
            "aws_vpc.soo_vpc"
          ]
        }
      ]
    },
    {
      "mode": "managed",
      "type": "aws_vpc_security_group_egress_rule",
      "name": "bastion_outbound",
      "provider": "provider[\"registry.terraform.io/hashicorp/aws\"]",
      "instances": [
        {
          "schema_version": 0,
          "attributes": {
            "arn": "arn:aws:ec2:eu-west-3:381491959817:security-group-rule/sgr-0fa7b0b122066dc2b",
            "cidr_ipv4": "0.0.0.0/0",
            "cidr_ipv6": null,
            "description": null,
            "from_port": null,
            "id": "sgr-0fa7b0b122066dc2b",
            "ip_protocol": "-1",
            "prefix_list_id": null,
            "referenced_security_group_id": null,
            "security_group_id": "sg-0f31adbce773e5276",
            "security_group_rule_id": "sgr-0fa7b0b122066dc2b",
            "tags": null,
            "tags_all": {},
            "to_port": null
          },
          "sensitive_attributes": [],
          "dependencies": [
            "aws_security_group.bastion_ssh",
            "aws_vpc.soo_vpc"
          ]
        }
      ]
    },
    {
      "mode": "managed",
      "type": "aws_vpc_security_group_egress_rule",
      "name": "rds_outbound",
      "provider": "provider[\"registry.terraform.io/hashicorp/aws\"]",
      "instances": [
        {
          "schema_version": 0,
          "attributes": {
            "arn": "arn:aws:ec2:eu-west-3:381491959817:security-group-rule/sgr-0f52ae1010963881e",
            "cidr_ipv4": "0.0.0.0/0",
            "cidr_ipv6": null,
            "description": null,
            "from_port": null,
            "id": "sgr-0f52ae1010963881e",
            "ip_protocol": "-1",
            "prefix_list_id": null,
            "referenced_security_group_id": null,
            "security_group_id": "sg-0113bf82af1e60955",
            "security_group_rule_id": "sgr-0f52ae1010963881e",
            "tags": null,
            "tags_all": {},
            "to_port": null
          },
          "sensitive_attributes": [],
          "dependencies": [
            "aws_security_group.rds_instance",
            "aws_vpc.soo_vpc"
          ]
        }
      ]
    },
    {
      "mode": "managed",
      "type": "aws_vpc_security_group_egress_rule",
      "name": "webserver_outbound",
      "provider": "provider[\"registry.terraform.io/hashicorp/aws\"]",
      "instances": [
        {
          "schema_version": 0,
          "attributes": {
            "arn": "arn:aws:ec2:eu-west-3:381491959817:security-group-rule/sgr-004b8c2b9918a5820",
            "cidr_ipv4": "0.0.0.0/0",
            "cidr_ipv6": null,
            "description": null,
            "from_port": null,
            "id": "sgr-004b8c2b9918a5820",
            "ip_protocol": "-1",
            "prefix_list_id": null,
            "referenced_security_group_id": null,
            "security_group_id": "sg-0a729afe4f9021979",
            "security_group_rule_id": "sgr-004b8c2b9918a5820",
            "tags": null,
            "tags_all": {},
            "to_port": null
          },
          "sensitive_attributes": [],
          "dependencies": [
            "aws_security_group.web_server",
            "aws_vpc.soo_vpc"
          ]
        }
      ]
    },
    {
      "mode": "managed",
      "type": "aws_vpc_security_group_ingress_rule",
      "name": "alb_http",
      "provider": "provider[\"registry.terraform.io/hashicorp/aws\"]",
      "instances": [
        {
          "schema_version": 0,
          "attributes": {
            "arn": "arn:aws:ec2:eu-west-3:381491959817:security-group-rule/sgr-07da7d0740062d160",
            "cidr_ipv4": "0.0.0.0/0",
            "cidr_ipv6": null,
            "description": null,
            "from_port": 80,
            "id": "sgr-07da7d0740062d160",
            "ip_protocol": "tcp",
            "prefix_list_id": null,
            "referenced_security_group_id": null,
            "security_group_id": "sg-020a9e485a76cdd59",
            "security_group_rule_id": "sgr-07da7d0740062d160",
            "tags": null,
            "tags_all": {},
            "to_port": 80
          },
          "sensitive_attributes": [],
          "dependencies": [
            "aws_security_group.load_balancer",
            "aws_vpc.soo_vpc"
          ]
        }
      ]
    },
    {
      "mode": "managed",
      "type": "aws_vpc_security_group_ingress_rule",
      "name": "alb_https",
      "provider": "provider[\"registry.terraform.io/hashicorp/aws\"]",
      "instances": [
        {
          "schema_version": 0,
          "attributes": {
            "arn": "arn:aws:ec2:eu-west-3:381491959817:security-group-rule/sgr-01d097043b272eab9",
            "cidr_ipv4": "0.0.0.0/0",
            "cidr_ipv6": null,
            "description": null,
            "from_port": 443,
            "id": "sgr-01d097043b272eab9",
            "ip_protocol": "tcp",
            "prefix_list_id": null,
            "referenced_security_group_id": null,
            "security_group_id": "sg-020a9e485a76cdd59",
            "security_group_rule_id": "sgr-01d097043b272eab9",
            "tags": null,
            "tags_all": {},
            "to_port": 443
          },
          "sensitive_attributes": [],
          "dependencies": [
            "aws_security_group.load_balancer",
            "aws_vpc.soo_vpc"
          ]
        }
      ]
    },
    {
      "mode": "managed",
      "type": "aws_vpc_security_group_ingress_rule",
      "name": "allow_bastion_rds",
      "provider": "provider[\"registry.terraform.io/hashicorp/aws\"]",
      "instances": [
        {
          "schema_version": 0,
          "attributes": {
            "arn": "arn:aws:ec2:eu-west-3:381491959817:security-group-rule/sgr-0b3f75850d70c68dc",
            "cidr_ipv4": null,
            "cidr_ipv6": null,
            "description": null,
            "from_port": 3306,
            "id": "sgr-0b3f75850d70c68dc",
            "ip_protocol": "tcp",
            "prefix_list_id": null,
            "referenced_security_group_id": "sg-0f31adbce773e5276",
            "security_group_id": "sg-0113bf82af1e60955",
            "security_group_rule_id": "sgr-0b3f75850d70c68dc",
            "tags": null,
            "tags_all": {},
            "to_port": 3306
          },
          "sensitive_attributes": [],
          "dependencies": [
            "aws_security_group.bastion_ssh",
            "aws_security_group.rds_instance",
            "aws_vpc.soo_vpc"
          ]
        }
      ]
    },
    {
      "mode": "managed",
      "type": "aws_vpc_security_group_ingress_rule",
      "name": "allow_ssh",
      "provider": "provider[\"registry.terraform.io/hashicorp/aws\"]",
      "instances": [
        {
          "schema_version": 0,
          "attributes": {
            "arn": "arn:aws:ec2:eu-west-3:381491959817:security-group-rule/sgr-01214aa48940177b6",
            "cidr_ipv4": "0.0.0.0/0",
            "cidr_ipv6": null,
            "description": null,
            "from_port": 22,
            "id": "sgr-01214aa48940177b6",
            "ip_protocol": "tcp",
            "prefix_list_id": null,
            "referenced_security_group_id": null,
            "security_group_id": "sg-0f31adbce773e5276",
            "security_group_rule_id": "sgr-01214aa48940177b6",
            "tags": null,
            "tags_all": {},
            "to_port": 22
          },
          "sensitive_attributes": [],
          "dependencies": [
            "aws_security_group.bastion_ssh",
            "aws_vpc.soo_vpc"
          ]
        }
      ]
    },
    {
      "mode": "managed",
      "type": "aws_vpc_security_group_ingress_rule",
      "name": "allow_web_http",
      "provider": "provider[\"registry.terraform.io/hashicorp/aws\"]",
      "instances": [
        {
          "schema_version": 0,
          "attributes": {
            "arn": "arn:aws:ec2:eu-west-3:381491959817:security-group-rule/sgr-02775ee11692ead46",
            "cidr_ipv4": null,
            "cidr_ipv6": null,
            "description": null,
            "from_port": 80,
            "id": "sgr-02775ee11692ead46",
            "ip_protocol": "tcp",
            "prefix_list_id": null,
            "referenced_security_group_id": "sg-020a9e485a76cdd59",
            "security_group_id": "sg-0a729afe4f9021979",
            "security_group_rule_id": "sgr-02775ee11692ead46",
            "tags": null,
            "tags_all": {},
            "to_port": 80
          },
          "sensitive_attributes": [],
          "dependencies": [
            "aws_security_group.load_balancer",
            "aws_security_group.web_server",
            "aws_vpc.soo_vpc"
          ]
        }
      ]
    },
    {
      "mode": "managed",
      "type": "aws_vpc_security_group_ingress_rule",
      "name": "allow_web_https",
      "provider": "provider[\"registry.terraform.io/hashicorp/aws\"]",
      "instances": [
        {
          "schema_version": 0,
          "attributes": {
            "arn": "arn:aws:ec2:eu-west-3:381491959817:security-group-rule/sgr-08789bc95535a4709",
            "cidr_ipv4": null,
            "cidr_ipv6": null,
            "description": null,
            "from_port": 443,
            "id": "sgr-08789bc95535a4709",
            "ip_protocol": "tcp",
            "prefix_list_id": null,
            "referenced_security_group_id": "sg-020a9e485a76cdd59",
            "security_group_id": "sg-0a729afe4f9021979",
            "security_group_rule_id": "sgr-08789bc95535a4709",
            "tags": null,
            "tags_all": {},
            "to_port": 443
          },
          "sensitive_attributes": [],
          "dependencies": [
            "aws_security_group.load_balancer",
            "aws_security_group.web_server",
            "aws_vpc.soo_vpc"
          ]
        }
      ]
    },
    {
      "mode": "managed",
      "type": "aws_vpc_security_group_ingress_rule",
      "name": "allow_web_rds",
      "provider": "provider[\"registry.terraform.io/hashicorp/aws\"]",
      "instances": [
        {
          "schema_version": 0,
          "attributes": {
            "arn": "arn:aws:ec2:eu-west-3:381491959817:security-group-rule/sgr-0d1a03df68a0cc4b6",
            "cidr_ipv4": null,
            "cidr_ipv6": null,
            "description": null,
            "from_port": 3306,
            "id": "sgr-0d1a03df68a0cc4b6",
            "ip_protocol": "tcp",
            "prefix_list_id": null,
            "referenced_security_group_id": "sg-0a729afe4f9021979",
            "security_group_id": "sg-0113bf82af1e60955",
            "security_group_rule_id": "sgr-0d1a03df68a0cc4b6",
            "tags": null,
            "tags_all": {},
            "to_port": 3306
          },
          "sensitive_attributes": [],
          "dependencies": [
            "aws_security_group.rds_instance",
            "aws_security_group.web_server",
            "aws_vpc.soo_vpc"
          ]
        }
      ]
    },
    {
      "mode": "managed",
      "type": "aws_vpc_security_group_ingress_rule",
      "name": "allow_web_ssh",
      "provider": "provider[\"registry.terraform.io/hashicorp/aws\"]",
      "instances": [
        {
          "schema_version": 0,
          "attributes": {
            "arn": "arn:aws:ec2:eu-west-3:381491959817:security-group-rule/sgr-02f72c6ac1edbd064",
            "cidr_ipv4": null,
            "cidr_ipv6": null,
            "description": null,
            "from_port": 22,
            "id": "sgr-02f72c6ac1edbd064",
            "ip_protocol": "tcp",
            "prefix_list_id": null,
            "referenced_security_group_id": "sg-0f31adbce773e5276",
            "security_group_id": "sg-0a729afe4f9021979",
            "security_group_rule_id": "sgr-02f72c6ac1edbd064",
            "tags": null,
            "tags_all": {},
            "to_port": 22
          },
          "sensitive_attributes": [],
          "dependencies": [
            "aws_security_group.bastion_ssh",
            "aws_security_group.web_server",
            "aws_vpc.soo_vpc"
          ]
        }
      ]
    }
  ],
  "check_results": null
}
